
Microsoft Visual Studio Solution File, Format Version 12.00
# Visual Studio 14
VisualStudioVersion = 14.0.25420.1
MinimumVisualStudioVersion = 10.0.40219.1
Project("{FAE04EC0-301F-11D3-BF4B-00C04F79EFBC}") = "Linqua.Service", "Linqua.Service\Linqua.Service.csproj", "{209FA716-A7AD-4095-BD70-C8710FC66FA7}"
EndProject
Project("{2150E333-8FDC-42A3-9474-1A3956D46DE8}") = "Solution Items", "Solution Items", "{9A88DBED-C183-4A9A-961F-1CBD9B48A870}"
	ProjectSection(SolutionItems) = preProject
		Test Accounts.txt = Test Accounts.txt
	EndProjectSection
EndProject
Project("{FAE04EC0-301F-11D3-BF4B-00C04F79EFBC}") = "Linqua.UWP", "Linqua.UWP\Linqua.UWP.csproj", "{99A85AA6-53E7-4486-8BB6-0A7E9C4B1389}"
EndProject
Project("{FAE04EC0-301F-11D3-BF4B-00C04F79EFBC}") = "Linqua.BackgroundTasks.UWP", "Linqua.BackgroundTasks.UWP\Linqua.BackgroundTasks.UWP.csproj", "{5BC9B592-CEB4-4ACE-9BF9-C9AF7E85EA7C}"
EndProject
Project("{FAE04EC0-301F-11D3-BF4B-00C04F79EFBC}") = "Linqua.Lib.UWP", "Linqua.Lib.UWP\Linqua.Lib.UWP.csproj", "{678A8CF8-7C35-4CD1-9ABC-D520BCAABF39}"
EndProject
Project("{FAE04EC0-301F-11D3-BF4B-00C04F79EFBC}") = "Framework.UWP", "Framework.UWP\Framework.UWP.csproj", "{934C975E-961B-4D56-B500-82DF42CE5E60}"
EndProject
Project("{FAE04EC0-301F-11D3-BF4B-00C04F79EFBC}") = "Linqua.Bot", "Linqua.Bot\Linqua.Bot.csproj", "{A8BA1066-5695-4D71-ABB4-65E5A5E0C3D4}"
EndProject
Project("{FAE04EC0-301F-11D3-BF4B-00C04F79EFBC}") = "Linqua.Translation", "Linqua.Translation\Linqua.Translation.csproj", "{7275CC12-DB81-4F8B-A89F-B7BC4159F863}"
EndProject
Project("{FAE04EC0-301F-11D3-BF4B-00C04F79EFBC}") = "Framework.Portable", "Framework.Portable\Framework.Portable.csproj", "{E05022B8-7ECC-4497-8A58-5F73804BB779}"
EndProject
Project("{8BB2217D-0F2D-49D1-97BC-3654ED321F3B}") = "Linqua.Api", "Linqua.Api\Linqua.Api.xproj", "{14CF7C27-64C0-4A66-BD6C-BA4233C40915}"
EndProject
Project("{8BB2217D-0F2D-49D1-97BC-3654ED321F3B}") = "Linqua.Web", "Linqua.Web\Linqua.Web.xproj", "{44C49EFF-B091-44F8-B8D1-ED810CDBF14E}"
EndProject
Global
	GlobalSection(SolutionConfigurationPlatforms) = preSolution
		Debug_ARM|Any CPU = Debug_ARM|Any CPU
		Debug_ARM|ARM = Debug_ARM|ARM
		Debug_ARM|Mixed Platforms = Debug_ARM|Mixed Platforms
		Debug_ARM|x64 = Debug_ARM|x64
		Debug_ARM|x86 = Debug_ARM|x86
		Debug_LocalService_x86|Any CPU = Debug_LocalService_x86|Any CPU
		Debug_LocalService_x86|ARM = Debug_LocalService_x86|ARM
		Debug_LocalService_x86|Mixed Platforms = Debug_LocalService_x86|Mixed Platforms
		Debug_LocalService_x86|x64 = Debug_LocalService_x86|x64
		Debug_LocalService_x86|x86 = Debug_LocalService_x86|x86
		Debug_LocalService|Any CPU = Debug_LocalService|Any CPU
		Debug_LocalService|ARM = Debug_LocalService|ARM
		Debug_LocalService|Mixed Platforms = Debug_LocalService|Mixed Platforms
		Debug_LocalService|x64 = Debug_LocalService|x64
		Debug_LocalService|x86 = Debug_LocalService|x86
		Debug_x86|Any CPU = Debug_x86|Any CPU
		Debug_x86|ARM = Debug_x86|ARM
		Debug_x86|Mixed Platforms = Debug_x86|Mixed Platforms
		Debug_x86|x64 = Debug_x86|x64
		Debug_x86|x86 = Debug_x86|x86
		Debug|Any CPU = Debug|Any CPU
		Debug|ARM = Debug|ARM
		Debug|Mixed Platforms = Debug|Mixed Platforms
		Debug|x64 = Debug|x64
		Debug|x86 = Debug|x86
		Release_ARM|Any CPU = Release_ARM|Any CPU
		Release_ARM|ARM = Release_ARM|ARM
		Release_ARM|Mixed Platforms = Release_ARM|Mixed Platforms
		Release_ARM|x64 = Release_ARM|x64
		Release_ARM|x86 = Release_ARM|x86
		Release_x86|Any CPU = Release_x86|Any CPU
		Release_x86|ARM = Release_x86|ARM
		Release_x86|Mixed Platforms = Release_x86|Mixed Platforms
		Release_x86|x64 = Release_x86|x64
		Release_x86|x86 = Release_x86|x86
		Release|Any CPU = Release|Any CPU
		Release|ARM = Release|ARM
		Release|Mixed Platforms = Release|Mixed Platforms
		Release|x64 = Release|x64
		Release|x86 = Release|x86
	EndGlobalSection
	GlobalSection(ProjectConfigurationPlatforms) = postSolution
		{209FA716-A7AD-4095-BD70-C8710FC66FA7}.Debug_ARM|Any CPU.ActiveCfg = Debug|Any CPU
		{209FA716-A7AD-4095-BD70-C8710FC66FA7}.Debug_ARM|Any CPU.Build.0 = Debug|Any CPU
		{209FA716-A7AD-4095-BD70-C8710FC66FA7}.Debug_ARM|ARM.ActiveCfg = Debug|Any CPU
		{209FA716-A7AD-4095-BD70-C8710FC66FA7}.Debug_ARM|Mixed Platforms.ActiveCfg = Debug|Any CPU
		{209FA716-A7AD-4095-BD70-C8710FC66FA7}.Debug_ARM|Mixed Platforms.Build.0 = Debug|Any CPU
		{209FA716-A7AD-4095-BD70-C8710FC66FA7}.Debug_ARM|x64.ActiveCfg = Debug|Any CPU
		{209FA716-A7AD-4095-BD70-C8710FC66FA7}.Debug_ARM|x86.ActiveCfg = Debug|Any CPU
		{209FA716-A7AD-4095-BD70-C8710FC66FA7}.Debug_ARM|x86.Build.0 = Debug|Any CPU
		{209FA716-A7AD-4095-BD70-C8710FC66FA7}.Debug_LocalService_x86|Any CPU.ActiveCfg = Debug|Any CPU
		{209FA716-A7AD-4095-BD70-C8710FC66FA7}.Debug_LocalService_x86|Any CPU.Build.0 = Debug|Any CPU
		{209FA716-A7AD-4095-BD70-C8710FC66FA7}.Debug_LocalService_x86|ARM.ActiveCfg = Debug|Any CPU
		{209FA716-A7AD-4095-BD70-C8710FC66FA7}.Debug_LocalService_x86|Mixed Platforms.ActiveCfg = Debug|Any CPU
		{209FA716-A7AD-4095-BD70-C8710FC66FA7}.Debug_LocalService_x86|Mixed Platforms.Build.0 = Debug|Any CPU
		{209FA716-A7AD-4095-BD70-C8710FC66FA7}.Debug_LocalService_x86|x64.ActiveCfg = Debug|Any CPU
		{209FA716-A7AD-4095-BD70-C8710FC66FA7}.Debug_LocalService_x86|x86.ActiveCfg = Debug|Any CPU
		{209FA716-A7AD-4095-BD70-C8710FC66FA7}.Debug_LocalService_x86|x86.Build.0 = Debug|Any CPU
		{209FA716-A7AD-4095-BD70-C8710FC66FA7}.Debug_LocalService|Any CPU.ActiveCfg = Debug|Any CPU
		{209FA716-A7AD-4095-BD70-C8710FC66FA7}.Debug_LocalService|Any CPU.Build.0 = Debug|Any CPU
		{209FA716-A7AD-4095-BD70-C8710FC66FA7}.Debug_LocalService|ARM.ActiveCfg = Debug|Any CPU
		{209FA716-A7AD-4095-BD70-C8710FC66FA7}.Debug_LocalService|ARM.Build.0 = Debug|Any CPU
		{209FA716-A7AD-4095-BD70-C8710FC66FA7}.Debug_LocalService|Mixed Platforms.ActiveCfg = Debug|Any CPU
		{209FA716-A7AD-4095-BD70-C8710FC66FA7}.Debug_LocalService|Mixed Platforms.Build.0 = Debug|Any CPU
		{209FA716-A7AD-4095-BD70-C8710FC66FA7}.Debug_LocalService|x64.ActiveCfg = Debug|Any CPU
		{209FA716-A7AD-4095-BD70-C8710FC66FA7}.Debug_LocalService|x64.Build.0 = Debug|Any CPU
		{209FA716-A7AD-4095-BD70-C8710FC66FA7}.Debug_LocalService|x86.ActiveCfg = Debug|Any CPU
		{209FA716-A7AD-4095-BD70-C8710FC66FA7}.Debug_LocalService|x86.Build.0 = Debug|Any CPU
		{209FA716-A7AD-4095-BD70-C8710FC66FA7}.Debug_x86|Any CPU.ActiveCfg = Debug|Any CPU
		{209FA716-A7AD-4095-BD70-C8710FC66FA7}.Debug_x86|Any CPU.Build.0 = Debug|Any CPU
		{209FA716-A7AD-4095-BD70-C8710FC66FA7}.Debug_x86|ARM.ActiveCfg = Debug|Any CPU
		{209FA716-A7AD-4095-BD70-C8710FC66FA7}.Debug_x86|Mixed Platforms.ActiveCfg = Debug|Any CPU
		{209FA716-A7AD-4095-BD70-C8710FC66FA7}.Debug_x86|Mixed Platforms.Build.0 = Debug|Any CPU
		{209FA716-A7AD-4095-BD70-C8710FC66FA7}.Debug_x86|x64.ActiveCfg = Debug|Any CPU
		{209FA716-A7AD-4095-BD70-C8710FC66FA7}.Debug_x86|x86.ActiveCfg = Debug|Any CPU
		{209FA716-A7AD-4095-BD70-C8710FC66FA7}.Debug_x86|x86.Build.0 = Debug|Any CPU
		{209FA716-A7AD-4095-BD70-C8710FC66FA7}.Debug|Any CPU.ActiveCfg = Debug|Any CPU
		{209FA716-A7AD-4095-BD70-C8710FC66FA7}.Debug|Any CPU.Build.0 = Debug|Any CPU
		{209FA716-A7AD-4095-BD70-C8710FC66FA7}.Debug|ARM.ActiveCfg = Debug|Any CPU
		{209FA716-A7AD-4095-BD70-C8710FC66FA7}.Debug|Mixed Platforms.ActiveCfg = Debug|Any CPU
		{209FA716-A7AD-4095-BD70-C8710FC66FA7}.Debug|Mixed Platforms.Build.0 = Debug|Any CPU
		{209FA716-A7AD-4095-BD70-C8710FC66FA7}.Debug|x64.ActiveCfg = Debug|Any CPU
		{209FA716-A7AD-4095-BD70-C8710FC66FA7}.Debug|x86.ActiveCfg = Debug|Any CPU
		{209FA716-A7AD-4095-BD70-C8710FC66FA7}.Release_ARM|Any CPU.ActiveCfg = Release|Any CPU
		{209FA716-A7AD-4095-BD70-C8710FC66FA7}.Release_ARM|Any CPU.Build.0 = Release|Any CPU
		{209FA716-A7AD-4095-BD70-C8710FC66FA7}.Release_ARM|ARM.ActiveCfg = Release|Any CPU
		{209FA716-A7AD-4095-BD70-C8710FC66FA7}.Release_ARM|Mixed Platforms.ActiveCfg = Release|Any CPU
		{209FA716-A7AD-4095-BD70-C8710FC66FA7}.Release_ARM|Mixed Platforms.Build.0 = Release|Any CPU
		{209FA716-A7AD-4095-BD70-C8710FC66FA7}.Release_ARM|x64.ActiveCfg = Release|Any CPU
		{209FA716-A7AD-4095-BD70-C8710FC66FA7}.Release_ARM|x86.ActiveCfg = Release|Any CPU
		{209FA716-A7AD-4095-BD70-C8710FC66FA7}.Release_x86|Any CPU.ActiveCfg = Release|Any CPU
		{209FA716-A7AD-4095-BD70-C8710FC66FA7}.Release_x86|Any CPU.Build.0 = Release|Any CPU
		{209FA716-A7AD-4095-BD70-C8710FC66FA7}.Release_x86|ARM.ActiveCfg = Release|Any CPU
		{209FA716-A7AD-4095-BD70-C8710FC66FA7}.Release_x86|Mixed Platforms.ActiveCfg = Release|Any CPU
		{209FA716-A7AD-4095-BD70-C8710FC66FA7}.Release_x86|Mixed Platforms.Build.0 = Release|Any CPU
		{209FA716-A7AD-4095-BD70-C8710FC66FA7}.Release_x86|x64.ActiveCfg = Release|Any CPU
		{209FA716-A7AD-4095-BD70-C8710FC66FA7}.Release_x86|x86.ActiveCfg = Release|Any CPU
		{209FA716-A7AD-4095-BD70-C8710FC66FA7}.Release|Any CPU.ActiveCfg = Release|Any CPU
		{209FA716-A7AD-4095-BD70-C8710FC66FA7}.Release|Any CPU.Build.0 = Release|Any CPU
		{209FA716-A7AD-4095-BD70-C8710FC66FA7}.Release|ARM.ActiveCfg = Release|Any CPU
		{209FA716-A7AD-4095-BD70-C8710FC66FA7}.Release|Mixed Platforms.ActiveCfg = Release|Any CPU
		{209FA716-A7AD-4095-BD70-C8710FC66FA7}.Release|Mixed Platforms.Build.0 = Release|Any CPU
		{209FA716-A7AD-4095-BD70-C8710FC66FA7}.Release|x64.ActiveCfg = Release|Any CPU
		{209FA716-A7AD-4095-BD70-C8710FC66FA7}.Release|x86.ActiveCfg = Release|Any CPU
		{99A85AA6-53E7-4486-8BB6-0A7E9C4B1389}.Debug_ARM|Any CPU.ActiveCfg = Release|x64
		{99A85AA6-53E7-4486-8BB6-0A7E9C4B1389}.Debug_ARM|Any CPU.Build.0 = Release|x64
		{99A85AA6-53E7-4486-8BB6-0A7E9C4B1389}.Debug_ARM|Any CPU.Deploy.0 = Release|x64
		{99A85AA6-53E7-4486-8BB6-0A7E9C4B1389}.Debug_ARM|ARM.ActiveCfg = Debug|ARM
		{99A85AA6-53E7-4486-8BB6-0A7E9C4B1389}.Debug_ARM|ARM.Build.0 = Debug|ARM
		{99A85AA6-53E7-4486-8BB6-0A7E9C4B1389}.Debug_ARM|ARM.Deploy.0 = Debug|ARM
		{99A85AA6-53E7-4486-8BB6-0A7E9C4B1389}.Debug_ARM|Mixed Platforms.ActiveCfg = Debug|ARM
		{99A85AA6-53E7-4486-8BB6-0A7E9C4B1389}.Debug_ARM|Mixed Platforms.Build.0 = Debug|ARM
		{99A85AA6-53E7-4486-8BB6-0A7E9C4B1389}.Debug_ARM|Mixed Platforms.Deploy.0 = Debug|ARM
		{99A85AA6-53E7-4486-8BB6-0A7E9C4B1389}.Debug_ARM|x64.ActiveCfg = Debug|x64
		{99A85AA6-53E7-4486-8BB6-0A7E9C4B1389}.Debug_ARM|x64.Build.0 = Debug|x64
		{99A85AA6-53E7-4486-8BB6-0A7E9C4B1389}.Debug_ARM|x64.Deploy.0 = Debug|x64
		{99A85AA6-53E7-4486-8BB6-0A7E9C4B1389}.Debug_ARM|x86.ActiveCfg = Debug|x86
		{99A85AA6-53E7-4486-8BB6-0A7E9C4B1389}.Debug_ARM|x86.Build.0 = Debug|x86
		{99A85AA6-53E7-4486-8BB6-0A7E9C4B1389}.Debug_ARM|x86.Deploy.0 = Debug|x86
		{99A85AA6-53E7-4486-8BB6-0A7E9C4B1389}.Debug_LocalService_x86|Any CPU.ActiveCfg = Release|x64
		{99A85AA6-53E7-4486-8BB6-0A7E9C4B1389}.Debug_LocalService_x86|Any CPU.Build.0 = Release|x64
		{99A85AA6-53E7-4486-8BB6-0A7E9C4B1389}.Debug_LocalService_x86|Any CPU.Deploy.0 = Release|x64
		{99A85AA6-53E7-4486-8BB6-0A7E9C4B1389}.Debug_LocalService_x86|ARM.ActiveCfg = Debug|ARM
		{99A85AA6-53E7-4486-8BB6-0A7E9C4B1389}.Debug_LocalService_x86|ARM.Build.0 = Debug|ARM
		{99A85AA6-53E7-4486-8BB6-0A7E9C4B1389}.Debug_LocalService_x86|ARM.Deploy.0 = Debug|ARM
		{99A85AA6-53E7-4486-8BB6-0A7E9C4B1389}.Debug_LocalService_x86|Mixed Platforms.ActiveCfg = Debug|x86
		{99A85AA6-53E7-4486-8BB6-0A7E9C4B1389}.Debug_LocalService_x86|Mixed Platforms.Build.0 = Debug|x86
		{99A85AA6-53E7-4486-8BB6-0A7E9C4B1389}.Debug_LocalService_x86|Mixed Platforms.Deploy.0 = Debug|x86
		{99A85AA6-53E7-4486-8BB6-0A7E9C4B1389}.Debug_LocalService_x86|x64.ActiveCfg = Debug|x64
		{99A85AA6-53E7-4486-8BB6-0A7E9C4B1389}.Debug_LocalService_x86|x64.Build.0 = Debug|x64
		{99A85AA6-53E7-4486-8BB6-0A7E9C4B1389}.Debug_LocalService_x86|x64.Deploy.0 = Debug|x64
		{99A85AA6-53E7-4486-8BB6-0A7E9C4B1389}.Debug_LocalService_x86|x86.ActiveCfg = Debug|x86
		{99A85AA6-53E7-4486-8BB6-0A7E9C4B1389}.Debug_LocalService_x86|x86.Build.0 = Debug|x86
		{99A85AA6-53E7-4486-8BB6-0A7E9C4B1389}.Debug_LocalService_x86|x86.Deploy.0 = Debug|x86
		{99A85AA6-53E7-4486-8BB6-0A7E9C4B1389}.Debug_LocalService|Any CPU.ActiveCfg = Release|x86
		{99A85AA6-53E7-4486-8BB6-0A7E9C4B1389}.Debug_LocalService|Any CPU.Build.0 = Release|x86
		{99A85AA6-53E7-4486-8BB6-0A7E9C4B1389}.Debug_LocalService|Any CPU.Deploy.0 = Release|x86
		{99A85AA6-53E7-4486-8BB6-0A7E9C4B1389}.Debug_LocalService|ARM.ActiveCfg = Debug|ARM
		{99A85AA6-53E7-4486-8BB6-0A7E9C4B1389}.Debug_LocalService|ARM.Build.0 = Debug|ARM
		{99A85AA6-53E7-4486-8BB6-0A7E9C4B1389}.Debug_LocalService|ARM.Deploy.0 = Debug|ARM
		{99A85AA6-53E7-4486-8BB6-0A7E9C4B1389}.Debug_LocalService|Mixed Platforms.ActiveCfg = Debug|x86
		{99A85AA6-53E7-4486-8BB6-0A7E9C4B1389}.Debug_LocalService|Mixed Platforms.Build.0 = Debug|x86
		{99A85AA6-53E7-4486-8BB6-0A7E9C4B1389}.Debug_LocalService|Mixed Platforms.Deploy.0 = Debug|x86
		{99A85AA6-53E7-4486-8BB6-0A7E9C4B1389}.Debug_LocalService|x64.ActiveCfg = Debug|x64
		{99A85AA6-53E7-4486-8BB6-0A7E9C4B1389}.Debug_LocalService|x64.Build.0 = Debug|x64
		{99A85AA6-53E7-4486-8BB6-0A7E9C4B1389}.Debug_LocalService|x64.Deploy.0 = Debug|x64
		{99A85AA6-53E7-4486-8BB6-0A7E9C4B1389}.Debug_LocalService|x86.ActiveCfg = Debug|x86
		{99A85AA6-53E7-4486-8BB6-0A7E9C4B1389}.Debug_LocalService|x86.Build.0 = Debug|x86
		{99A85AA6-53E7-4486-8BB6-0A7E9C4B1389}.Debug_LocalService|x86.Deploy.0 = Debug|x86
		{99A85AA6-53E7-4486-8BB6-0A7E9C4B1389}.Debug_x86|Any CPU.ActiveCfg = Release|x64
		{99A85AA6-53E7-4486-8BB6-0A7E9C4B1389}.Debug_x86|Any CPU.Build.0 = Release|x64
		{99A85AA6-53E7-4486-8BB6-0A7E9C4B1389}.Debug_x86|Any CPU.Deploy.0 = Release|x64
		{99A85AA6-53E7-4486-8BB6-0A7E9C4B1389}.Debug_x86|ARM.ActiveCfg = Debug|ARM
		{99A85AA6-53E7-4486-8BB6-0A7E9C4B1389}.Debug_x86|ARM.Build.0 = Debug|ARM
		{99A85AA6-53E7-4486-8BB6-0A7E9C4B1389}.Debug_x86|ARM.Deploy.0 = Debug|ARM
		{99A85AA6-53E7-4486-8BB6-0A7E9C4B1389}.Debug_x86|Mixed Platforms.ActiveCfg = Debug|x86
		{99A85AA6-53E7-4486-8BB6-0A7E9C4B1389}.Debug_x86|Mixed Platforms.Build.0 = Debug|x86
		{99A85AA6-53E7-4486-8BB6-0A7E9C4B1389}.Debug_x86|Mixed Platforms.Deploy.0 = Debug|x86
		{99A85AA6-53E7-4486-8BB6-0A7E9C4B1389}.Debug_x86|x64.ActiveCfg = Debug|x64
		{99A85AA6-53E7-4486-8BB6-0A7E9C4B1389}.Debug_x86|x64.Build.0 = Debug|x64
		{99A85AA6-53E7-4486-8BB6-0A7E9C4B1389}.Debug_x86|x64.Deploy.0 = Debug|x64
		{99A85AA6-53E7-4486-8BB6-0A7E9C4B1389}.Debug_x86|x86.ActiveCfg = Debug|x86
		{99A85AA6-53E7-4486-8BB6-0A7E9C4B1389}.Debug_x86|x86.Build.0 = Debug|x86
		{99A85AA6-53E7-4486-8BB6-0A7E9C4B1389}.Debug_x86|x86.Deploy.0 = Debug|x86
		{99A85AA6-53E7-4486-8BB6-0A7E9C4B1389}.Debug|Any CPU.ActiveCfg = Debug|x86
		{99A85AA6-53E7-4486-8BB6-0A7E9C4B1389}.Debug|ARM.ActiveCfg = Debug|ARM
		{99A85AA6-53E7-4486-8BB6-0A7E9C4B1389}.Debug|ARM.Build.0 = Debug|ARM
		{99A85AA6-53E7-4486-8BB6-0A7E9C4B1389}.Debug|ARM.Deploy.0 = Debug|ARM
		{99A85AA6-53E7-4486-8BB6-0A7E9C4B1389}.Debug|Mixed Platforms.ActiveCfg = Debug|x86
		{99A85AA6-53E7-4486-8BB6-0A7E9C4B1389}.Debug|Mixed Platforms.Build.0 = Debug|x86
		{99A85AA6-53E7-4486-8BB6-0A7E9C4B1389}.Debug|Mixed Platforms.Deploy.0 = Debug|x86
		{99A85AA6-53E7-4486-8BB6-0A7E9C4B1389}.Debug|x64.ActiveCfg = Debug|x64
		{99A85AA6-53E7-4486-8BB6-0A7E9C4B1389}.Debug|x64.Build.0 = Debug|x64
		{99A85AA6-53E7-4486-8BB6-0A7E9C4B1389}.Debug|x64.Deploy.0 = Debug|x64
		{99A85AA6-53E7-4486-8BB6-0A7E9C4B1389}.Debug|x86.ActiveCfg = Debug|x86
		{99A85AA6-53E7-4486-8BB6-0A7E9C4B1389}.Debug|x86.Build.0 = Debug|x86
		{99A85AA6-53E7-4486-8BB6-0A7E9C4B1389}.Debug|x86.Deploy.0 = Debug|x86
		{99A85AA6-53E7-4486-8BB6-0A7E9C4B1389}.Release_ARM|Any CPU.ActiveCfg = Release|x64
		{99A85AA6-53E7-4486-8BB6-0A7E9C4B1389}.Release_ARM|Any CPU.Build.0 = Release|x64
		{99A85AA6-53E7-4486-8BB6-0A7E9C4B1389}.Release_ARM|Any CPU.Deploy.0 = Release|x64
		{99A85AA6-53E7-4486-8BB6-0A7E9C4B1389}.Release_ARM|ARM.ActiveCfg = Release|ARM
		{99A85AA6-53E7-4486-8BB6-0A7E9C4B1389}.Release_ARM|ARM.Build.0 = Release|ARM
		{99A85AA6-53E7-4486-8BB6-0A7E9C4B1389}.Release_ARM|ARM.Deploy.0 = Release|ARM
		{99A85AA6-53E7-4486-8BB6-0A7E9C4B1389}.Release_ARM|Mixed Platforms.ActiveCfg = Release|ARM
		{99A85AA6-53E7-4486-8BB6-0A7E9C4B1389}.Release_ARM|Mixed Platforms.Build.0 = Release|ARM
		{99A85AA6-53E7-4486-8BB6-0A7E9C4B1389}.Release_ARM|Mixed Platforms.Deploy.0 = Release|ARM
		{99A85AA6-53E7-4486-8BB6-0A7E9C4B1389}.Release_ARM|x64.ActiveCfg = Release|x64
		{99A85AA6-53E7-4486-8BB6-0A7E9C4B1389}.Release_ARM|x64.Build.0 = Release|x64
		{99A85AA6-53E7-4486-8BB6-0A7E9C4B1389}.Release_ARM|x64.Deploy.0 = Release|x64
		{99A85AA6-53E7-4486-8BB6-0A7E9C4B1389}.Release_ARM|x86.ActiveCfg = Release|x86
		{99A85AA6-53E7-4486-8BB6-0A7E9C4B1389}.Release_ARM|x86.Build.0 = Release|x86
		{99A85AA6-53E7-4486-8BB6-0A7E9C4B1389}.Release_ARM|x86.Deploy.0 = Release|x86
		{99A85AA6-53E7-4486-8BB6-0A7E9C4B1389}.Release_x86|Any CPU.ActiveCfg = Release|x64
		{99A85AA6-53E7-4486-8BB6-0A7E9C4B1389}.Release_x86|Any CPU.Build.0 = Release|x64
		{99A85AA6-53E7-4486-8BB6-0A7E9C4B1389}.Release_x86|Any CPU.Deploy.0 = Release|x64
		{99A85AA6-53E7-4486-8BB6-0A7E9C4B1389}.Release_x86|ARM.ActiveCfg = Release|ARM
		{99A85AA6-53E7-4486-8BB6-0A7E9C4B1389}.Release_x86|ARM.Build.0 = Release|ARM
		{99A85AA6-53E7-4486-8BB6-0A7E9C4B1389}.Release_x86|ARM.Deploy.0 = Release|ARM
		{99A85AA6-53E7-4486-8BB6-0A7E9C4B1389}.Release_x86|Mixed Platforms.ActiveCfg = Release|x86
		{99A85AA6-53E7-4486-8BB6-0A7E9C4B1389}.Release_x86|Mixed Platforms.Build.0 = Release|x86
		{99A85AA6-53E7-4486-8BB6-0A7E9C4B1389}.Release_x86|Mixed Platforms.Deploy.0 = Release|x86
		{99A85AA6-53E7-4486-8BB6-0A7E9C4B1389}.Release_x86|x64.ActiveCfg = Release|x64
		{99A85AA6-53E7-4486-8BB6-0A7E9C4B1389}.Release_x86|x64.Build.0 = Release|x64
		{99A85AA6-53E7-4486-8BB6-0A7E9C4B1389}.Release_x86|x64.Deploy.0 = Release|x64
		{99A85AA6-53E7-4486-8BB6-0A7E9C4B1389}.Release_x86|x86.ActiveCfg = Release|x86
		{99A85AA6-53E7-4486-8BB6-0A7E9C4B1389}.Release_x86|x86.Build.0 = Release|x86
		{99A85AA6-53E7-4486-8BB6-0A7E9C4B1389}.Release_x86|x86.Deploy.0 = Release|x86
		{99A85AA6-53E7-4486-8BB6-0A7E9C4B1389}.Release|Any CPU.ActiveCfg = Release|x86
		{99A85AA6-53E7-4486-8BB6-0A7E9C4B1389}.Release|ARM.ActiveCfg = Release|ARM
		{99A85AA6-53E7-4486-8BB6-0A7E9C4B1389}.Release|ARM.Build.0 = Release|ARM
		{99A85AA6-53E7-4486-8BB6-0A7E9C4B1389}.Release|ARM.Deploy.0 = Release|ARM
		{99A85AA6-53E7-4486-8BB6-0A7E9C4B1389}.Release|Mixed Platforms.ActiveCfg = Release|x86
		{99A85AA6-53E7-4486-8BB6-0A7E9C4B1389}.Release|Mixed Platforms.Build.0 = Release|x86
		{99A85AA6-53E7-4486-8BB6-0A7E9C4B1389}.Release|Mixed Platforms.Deploy.0 = Release|x86
		{99A85AA6-53E7-4486-8BB6-0A7E9C4B1389}.Release|x64.ActiveCfg = Release|x64
		{99A85AA6-53E7-4486-8BB6-0A7E9C4B1389}.Release|x64.Build.0 = Release|x64
		{99A85AA6-53E7-4486-8BB6-0A7E9C4B1389}.Release|x64.Deploy.0 = Release|x64
		{99A85AA6-53E7-4486-8BB6-0A7E9C4B1389}.Release|x86.ActiveCfg = Release|x86
		{99A85AA6-53E7-4486-8BB6-0A7E9C4B1389}.Release|x86.Build.0 = Release|x86
		{99A85AA6-53E7-4486-8BB6-0A7E9C4B1389}.Release|x86.Deploy.0 = Release|x86
		{5BC9B592-CEB4-4ACE-9BF9-C9AF7E85EA7C}.Debug_ARM|Any CPU.ActiveCfg = Debug|Any CPU
		{5BC9B592-CEB4-4ACE-9BF9-C9AF7E85EA7C}.Debug_ARM|Any CPU.Build.0 = Debug|Any CPU
		{5BC9B592-CEB4-4ACE-9BF9-C9AF7E85EA7C}.Debug_ARM|ARM.ActiveCfg = Debug|ARM
		{5BC9B592-CEB4-4ACE-9BF9-C9AF7E85EA7C}.Debug_ARM|ARM.Build.0 = Debug|ARM
		{5BC9B592-CEB4-4ACE-9BF9-C9AF7E85EA7C}.Debug_ARM|Mixed Platforms.ActiveCfg = Debug|ARM
		{5BC9B592-CEB4-4ACE-9BF9-C9AF7E85EA7C}.Debug_ARM|Mixed Platforms.Build.0 = Debug|ARM
		{5BC9B592-CEB4-4ACE-9BF9-C9AF7E85EA7C}.Debug_ARM|x64.ActiveCfg = Debug|x64
		{5BC9B592-CEB4-4ACE-9BF9-C9AF7E85EA7C}.Debug_ARM|x64.Build.0 = Debug|x64
		{5BC9B592-CEB4-4ACE-9BF9-C9AF7E85EA7C}.Debug_ARM|x86.ActiveCfg = Debug|x86
		{5BC9B592-CEB4-4ACE-9BF9-C9AF7E85EA7C}.Debug_ARM|x86.Build.0 = Debug|x86
		{5BC9B592-CEB4-4ACE-9BF9-C9AF7E85EA7C}.Debug_LocalService_x86|Any CPU.ActiveCfg = Debug|Any CPU
		{5BC9B592-CEB4-4ACE-9BF9-C9AF7E85EA7C}.Debug_LocalService_x86|Any CPU.Build.0 = Debug|Any CPU
		{5BC9B592-CEB4-4ACE-9BF9-C9AF7E85EA7C}.Debug_LocalService_x86|ARM.ActiveCfg = Debug|ARM
		{5BC9B592-CEB4-4ACE-9BF9-C9AF7E85EA7C}.Debug_LocalService_x86|ARM.Build.0 = Debug|ARM
		{5BC9B592-CEB4-4ACE-9BF9-C9AF7E85EA7C}.Debug_LocalService_x86|Mixed Platforms.ActiveCfg = Debug|x86
		{5BC9B592-CEB4-4ACE-9BF9-C9AF7E85EA7C}.Debug_LocalService_x86|Mixed Platforms.Build.0 = Debug|x86
		{5BC9B592-CEB4-4ACE-9BF9-C9AF7E85EA7C}.Debug_LocalService_x86|x64.ActiveCfg = Debug|x64
		{5BC9B592-CEB4-4ACE-9BF9-C9AF7E85EA7C}.Debug_LocalService_x86|x64.Build.0 = Debug|x64
		{5BC9B592-CEB4-4ACE-9BF9-C9AF7E85EA7C}.Debug_LocalService_x86|x86.ActiveCfg = Debug|x86
		{5BC9B592-CEB4-4ACE-9BF9-C9AF7E85EA7C}.Debug_LocalService_x86|x86.Build.0 = Debug|x86
		{5BC9B592-CEB4-4ACE-9BF9-C9AF7E85EA7C}.Debug_LocalService|Any CPU.ActiveCfg = Debug|Any CPU
		{5BC9B592-CEB4-4ACE-9BF9-C9AF7E85EA7C}.Debug_LocalService|Any CPU.Build.0 = Debug|Any CPU
		{5BC9B592-CEB4-4ACE-9BF9-C9AF7E85EA7C}.Debug_LocalService|ARM.ActiveCfg = Debug|ARM
		{5BC9B592-CEB4-4ACE-9BF9-C9AF7E85EA7C}.Debug_LocalService|ARM.Build.0 = Debug|ARM
		{5BC9B592-CEB4-4ACE-9BF9-C9AF7E85EA7C}.Debug_LocalService|Mixed Platforms.ActiveCfg = Debug|x86
		{5BC9B592-CEB4-4ACE-9BF9-C9AF7E85EA7C}.Debug_LocalService|Mixed Platforms.Build.0 = Debug|x86
		{5BC9B592-CEB4-4ACE-9BF9-C9AF7E85EA7C}.Debug_LocalService|x64.ActiveCfg = Debug|x64
		{5BC9B592-CEB4-4ACE-9BF9-C9AF7E85EA7C}.Debug_LocalService|x64.Build.0 = Debug|x64
		{5BC9B592-CEB4-4ACE-9BF9-C9AF7E85EA7C}.Debug_LocalService|x86.ActiveCfg = Debug|x86
		{5BC9B592-CEB4-4ACE-9BF9-C9AF7E85EA7C}.Debug_LocalService|x86.Build.0 = Debug|x86
		{5BC9B592-CEB4-4ACE-9BF9-C9AF7E85EA7C}.Debug_x86|Any CPU.ActiveCfg = Debug|Any CPU
		{5BC9B592-CEB4-4ACE-9BF9-C9AF7E85EA7C}.Debug_x86|Any CPU.Build.0 = Debug|Any CPU
		{5BC9B592-CEB4-4ACE-9BF9-C9AF7E85EA7C}.Debug_x86|ARM.ActiveCfg = Debug|ARM
		{5BC9B592-CEB4-4ACE-9BF9-C9AF7E85EA7C}.Debug_x86|ARM.Build.0 = Debug|ARM
		{5BC9B592-CEB4-4ACE-9BF9-C9AF7E85EA7C}.Debug_x86|Mixed Platforms.ActiveCfg = Debug|x86
		{5BC9B592-CEB4-4ACE-9BF9-C9AF7E85EA7C}.Debug_x86|Mixed Platforms.Build.0 = Debug|x86
		{5BC9B592-CEB4-4ACE-9BF9-C9AF7E85EA7C}.Debug_x86|x64.ActiveCfg = Debug|x64
		{5BC9B592-CEB4-4ACE-9BF9-C9AF7E85EA7C}.Debug_x86|x64.Build.0 = Debug|x64
		{5BC9B592-CEB4-4ACE-9BF9-C9AF7E85EA7C}.Debug_x86|x86.ActiveCfg = Debug|x86
		{5BC9B592-CEB4-4ACE-9BF9-C9AF7E85EA7C}.Debug_x86|x86.Build.0 = Debug|x86
		{5BC9B592-CEB4-4ACE-9BF9-C9AF7E85EA7C}.Debug|Any CPU.ActiveCfg = Debug|Any CPU
		{5BC9B592-CEB4-4ACE-9BF9-C9AF7E85EA7C}.Debug|Any CPU.Build.0 = Debug|Any CPU
		{5BC9B592-CEB4-4ACE-9BF9-C9AF7E85EA7C}.Debug|ARM.ActiveCfg = Debug|ARM
		{5BC9B592-CEB4-4ACE-9BF9-C9AF7E85EA7C}.Debug|ARM.Build.0 = Debug|ARM
		{5BC9B592-CEB4-4ACE-9BF9-C9AF7E85EA7C}.Debug|Mixed Platforms.ActiveCfg = Debug|x86
		{5BC9B592-CEB4-4ACE-9BF9-C9AF7E85EA7C}.Debug|Mixed Platforms.Build.0 = Debug|x86
		{5BC9B592-CEB4-4ACE-9BF9-C9AF7E85EA7C}.Debug|x64.ActiveCfg = Debug|x64
		{5BC9B592-CEB4-4ACE-9BF9-C9AF7E85EA7C}.Debug|x64.Build.0 = Debug|x64
		{5BC9B592-CEB4-4ACE-9BF9-C9AF7E85EA7C}.Debug|x86.ActiveCfg = Debug|x86
		{5BC9B592-CEB4-4ACE-9BF9-C9AF7E85EA7C}.Debug|x86.Build.0 = Debug|x86
		{5BC9B592-CEB4-4ACE-9BF9-C9AF7E85EA7C}.Release_ARM|Any CPU.ActiveCfg = Release|Any CPU
		{5BC9B592-CEB4-4ACE-9BF9-C9AF7E85EA7C}.Release_ARM|Any CPU.Build.0 = Release|Any CPU
		{5BC9B592-CEB4-4ACE-9BF9-C9AF7E85EA7C}.Release_ARM|ARM.ActiveCfg = Release|ARM
		{5BC9B592-CEB4-4ACE-9BF9-C9AF7E85EA7C}.Release_ARM|ARM.Build.0 = Release|ARM
		{5BC9B592-CEB4-4ACE-9BF9-C9AF7E85EA7C}.Release_ARM|Mixed Platforms.ActiveCfg = Release|ARM
		{5BC9B592-CEB4-4ACE-9BF9-C9AF7E85EA7C}.Release_ARM|Mixed Platforms.Build.0 = Release|ARM
		{5BC9B592-CEB4-4ACE-9BF9-C9AF7E85EA7C}.Release_ARM|x64.ActiveCfg = Release|x64
		{5BC9B592-CEB4-4ACE-9BF9-C9AF7E85EA7C}.Release_ARM|x64.Build.0 = Release|x64
		{5BC9B592-CEB4-4ACE-9BF9-C9AF7E85EA7C}.Release_ARM|x86.ActiveCfg = Release|x86
		{5BC9B592-CEB4-4ACE-9BF9-C9AF7E85EA7C}.Release_ARM|x86.Build.0 = Release|x86
		{5BC9B592-CEB4-4ACE-9BF9-C9AF7E85EA7C}.Release_x86|Any CPU.ActiveCfg = Release|Any CPU
		{5BC9B592-CEB4-4ACE-9BF9-C9AF7E85EA7C}.Release_x86|Any CPU.Build.0 = Release|Any CPU
		{5BC9B592-CEB4-4ACE-9BF9-C9AF7E85EA7C}.Release_x86|ARM.ActiveCfg = Release|ARM
		{5BC9B592-CEB4-4ACE-9BF9-C9AF7E85EA7C}.Release_x86|ARM.Build.0 = Release|ARM
		{5BC9B592-CEB4-4ACE-9BF9-C9AF7E85EA7C}.Release_x86|Mixed Platforms.ActiveCfg = Release|x86
		{5BC9B592-CEB4-4ACE-9BF9-C9AF7E85EA7C}.Release_x86|Mixed Platforms.Build.0 = Release|x86
		{5BC9B592-CEB4-4ACE-9BF9-C9AF7E85EA7C}.Release_x86|x64.ActiveCfg = Release|x64
		{5BC9B592-CEB4-4ACE-9BF9-C9AF7E85EA7C}.Release_x86|x64.Build.0 = Release|x64
		{5BC9B592-CEB4-4ACE-9BF9-C9AF7E85EA7C}.Release_x86|x86.ActiveCfg = Release|x86
		{5BC9B592-CEB4-4ACE-9BF9-C9AF7E85EA7C}.Release_x86|x86.Build.0 = Release|x86
		{5BC9B592-CEB4-4ACE-9BF9-C9AF7E85EA7C}.Release|Any CPU.ActiveCfg = Release|Any CPU
		{5BC9B592-CEB4-4ACE-9BF9-C9AF7E85EA7C}.Release|Any CPU.Build.0 = Release|Any CPU
		{5BC9B592-CEB4-4ACE-9BF9-C9AF7E85EA7C}.Release|ARM.ActiveCfg = Release|ARM
		{5BC9B592-CEB4-4ACE-9BF9-C9AF7E85EA7C}.Release|ARM.Build.0 = Release|ARM
		{5BC9B592-CEB4-4ACE-9BF9-C9AF7E85EA7C}.Release|Mixed Platforms.ActiveCfg = Release|x86
		{5BC9B592-CEB4-4ACE-9BF9-C9AF7E85EA7C}.Release|Mixed Platforms.Build.0 = Release|x86
		{5BC9B592-CEB4-4ACE-9BF9-C9AF7E85EA7C}.Release|x64.ActiveCfg = Release|x64
		{5BC9B592-CEB4-4ACE-9BF9-C9AF7E85EA7C}.Release|x64.Build.0 = Release|x64
		{5BC9B592-CEB4-4ACE-9BF9-C9AF7E85EA7C}.Release|x86.ActiveCfg = Release|x86
		{5BC9B592-CEB4-4ACE-9BF9-C9AF7E85EA7C}.Release|x86.Build.0 = Release|x86
		{678A8CF8-7C35-4CD1-9ABC-D520BCAABF39}.Debug_ARM|Any CPU.ActiveCfg = Debug|Any CPU
		{678A8CF8-7C35-4CD1-9ABC-D520BCAABF39}.Debug_ARM|Any CPU.Build.0 = Debug|Any CPU
		{678A8CF8-7C35-4CD1-9ABC-D520BCAABF39}.Debug_ARM|ARM.ActiveCfg = Debug|ARM
		{678A8CF8-7C35-4CD1-9ABC-D520BCAABF39}.Debug_ARM|ARM.Build.0 = Debug|ARM
		{678A8CF8-7C35-4CD1-9ABC-D520BCAABF39}.Debug_ARM|Mixed Platforms.ActiveCfg = Debug|ARM
		{678A8CF8-7C35-4CD1-9ABC-D520BCAABF39}.Debug_ARM|Mixed Platforms.Build.0 = Debug|ARM
		{678A8CF8-7C35-4CD1-9ABC-D520BCAABF39}.Debug_ARM|x64.ActiveCfg = Debug|x64
		{678A8CF8-7C35-4CD1-9ABC-D520BCAABF39}.Debug_ARM|x64.Build.0 = Debug|x64
		{678A8CF8-7C35-4CD1-9ABC-D520BCAABF39}.Debug_ARM|x86.ActiveCfg = Debug|x86
		{678A8CF8-7C35-4CD1-9ABC-D520BCAABF39}.Debug_ARM|x86.Build.0 = Debug|x86
		{678A8CF8-7C35-4CD1-9ABC-D520BCAABF39}.Debug_LocalService_x86|Any CPU.ActiveCfg = Debug|Any CPU
		{678A8CF8-7C35-4CD1-9ABC-D520BCAABF39}.Debug_LocalService_x86|Any CPU.Build.0 = Debug|Any CPU
		{678A8CF8-7C35-4CD1-9ABC-D520BCAABF39}.Debug_LocalService_x86|ARM.ActiveCfg = Debug|ARM
		{678A8CF8-7C35-4CD1-9ABC-D520BCAABF39}.Debug_LocalService_x86|ARM.Build.0 = Debug|ARM
		{678A8CF8-7C35-4CD1-9ABC-D520BCAABF39}.Debug_LocalService_x86|Mixed Platforms.ActiveCfg = Debug_LocalService|x86
		{678A8CF8-7C35-4CD1-9ABC-D520BCAABF39}.Debug_LocalService_x86|Mixed Platforms.Build.0 = Debug_LocalService|x86
		{678A8CF8-7C35-4CD1-9ABC-D520BCAABF39}.Debug_LocalService_x86|x64.ActiveCfg = Debug|x64
		{678A8CF8-7C35-4CD1-9ABC-D520BCAABF39}.Debug_LocalService_x86|x64.Build.0 = Debug|x64
		{678A8CF8-7C35-4CD1-9ABC-D520BCAABF39}.Debug_LocalService_x86|x86.ActiveCfg = Debug|x86
		{678A8CF8-7C35-4CD1-9ABC-D520BCAABF39}.Debug_LocalService_x86|x86.Build.0 = Debug|x86
		{678A8CF8-7C35-4CD1-9ABC-D520BCAABF39}.Debug_LocalService|Any CPU.ActiveCfg = Debug_LocalService|Any CPU
		{678A8CF8-7C35-4CD1-9ABC-D520BCAABF39}.Debug_LocalService|Any CPU.Build.0 = Debug_LocalService|Any CPU
		{678A8CF8-7C35-4CD1-9ABC-D520BCAABF39}.Debug_LocalService|ARM.ActiveCfg = Debug_LocalService|ARM
		{678A8CF8-7C35-4CD1-9ABC-D520BCAABF39}.Debug_LocalService|ARM.Build.0 = Debug_LocalService|ARM
		{678A8CF8-7C35-4CD1-9ABC-D520BCAABF39}.Debug_LocalService|Mixed Platforms.ActiveCfg = Debug_LocalService|x86
		{678A8CF8-7C35-4CD1-9ABC-D520BCAABF39}.Debug_LocalService|Mixed Platforms.Build.0 = Debug_LocalService|x86
		{678A8CF8-7C35-4CD1-9ABC-D520BCAABF39}.Debug_LocalService|x64.ActiveCfg = Debug_LocalService|x64
		{678A8CF8-7C35-4CD1-9ABC-D520BCAABF39}.Debug_LocalService|x64.Build.0 = Debug_LocalService|x64
		{678A8CF8-7C35-4CD1-9ABC-D520BCAABF39}.Debug_LocalService|x86.ActiveCfg = Debug_LocalService|x86
		{678A8CF8-7C35-4CD1-9ABC-D520BCAABF39}.Debug_LocalService|x86.Build.0 = Debug_LocalService|x86
		{678A8CF8-7C35-4CD1-9ABC-D520BCAABF39}.Debug_x86|Any CPU.ActiveCfg = Debug|Any CPU
		{678A8CF8-7C35-4CD1-9ABC-D520BCAABF39}.Debug_x86|Any CPU.Build.0 = Debug|Any CPU
		{678A8CF8-7C35-4CD1-9ABC-D520BCAABF39}.Debug_x86|ARM.ActiveCfg = Debug|ARM
		{678A8CF8-7C35-4CD1-9ABC-D520BCAABF39}.Debug_x86|ARM.Build.0 = Debug|ARM
		{678A8CF8-7C35-4CD1-9ABC-D520BCAABF39}.Debug_x86|Mixed Platforms.ActiveCfg = Debug|x86
		{678A8CF8-7C35-4CD1-9ABC-D520BCAABF39}.Debug_x86|Mixed Platforms.Build.0 = Debug|x86
		{678A8CF8-7C35-4CD1-9ABC-D520BCAABF39}.Debug_x86|x64.ActiveCfg = Debug|x64
		{678A8CF8-7C35-4CD1-9ABC-D520BCAABF39}.Debug_x86|x64.Build.0 = Debug|x64
		{678A8CF8-7C35-4CD1-9ABC-D520BCAABF39}.Debug_x86|x86.ActiveCfg = Debug|x86
		{678A8CF8-7C35-4CD1-9ABC-D520BCAABF39}.Debug_x86|x86.Build.0 = Debug|x86
		{678A8CF8-7C35-4CD1-9ABC-D520BCAABF39}.Debug|Any CPU.ActiveCfg = Debug|Any CPU
		{678A8CF8-7C35-4CD1-9ABC-D520BCAABF39}.Debug|Any CPU.Build.0 = Debug|Any CPU
		{678A8CF8-7C35-4CD1-9ABC-D520BCAABF39}.Debug|ARM.ActiveCfg = Debug|ARM
		{678A8CF8-7C35-4CD1-9ABC-D520BCAABF39}.Debug|ARM.Build.0 = Debug|ARM
		{678A8CF8-7C35-4CD1-9ABC-D520BCAABF39}.Debug|Mixed Platforms.ActiveCfg = Debug|x86
		{678A8CF8-7C35-4CD1-9ABC-D520BCAABF39}.Debug|Mixed Platforms.Build.0 = Debug|x86
		{678A8CF8-7C35-4CD1-9ABC-D520BCAABF39}.Debug|x64.ActiveCfg = Debug|x64
		{678A8CF8-7C35-4CD1-9ABC-D520BCAABF39}.Debug|x64.Build.0 = Debug|x64
		{678A8CF8-7C35-4CD1-9ABC-D520BCAABF39}.Debug|x86.ActiveCfg = Debug|x86
		{678A8CF8-7C35-4CD1-9ABC-D520BCAABF39}.Debug|x86.Build.0 = Debug|x86
		{678A8CF8-7C35-4CD1-9ABC-D520BCAABF39}.Release_ARM|Any CPU.ActiveCfg = Release|Any CPU
		{678A8CF8-7C35-4CD1-9ABC-D520BCAABF39}.Release_ARM|Any CPU.Build.0 = Release|Any CPU
		{678A8CF8-7C35-4CD1-9ABC-D520BCAABF39}.Release_ARM|ARM.ActiveCfg = Release|ARM
		{678A8CF8-7C35-4CD1-9ABC-D520BCAABF39}.Release_ARM|ARM.Build.0 = Release|ARM
		{678A8CF8-7C35-4CD1-9ABC-D520BCAABF39}.Release_ARM|Mixed Platforms.ActiveCfg = Release|ARM
		{678A8CF8-7C35-4CD1-9ABC-D520BCAABF39}.Release_ARM|Mixed Platforms.Build.0 = Release|ARM
		{678A8CF8-7C35-4CD1-9ABC-D520BCAABF39}.Release_ARM|x64.ActiveCfg = Release|x64
		{678A8CF8-7C35-4CD1-9ABC-D520BCAABF39}.Release_ARM|x64.Build.0 = Release|x64
		{678A8CF8-7C35-4CD1-9ABC-D520BCAABF39}.Release_ARM|x86.ActiveCfg = Release|x86
		{678A8CF8-7C35-4CD1-9ABC-D520BCAABF39}.Release_ARM|x86.Build.0 = Release|x86
		{678A8CF8-7C35-4CD1-9ABC-D520BCAABF39}.Release_x86|Any CPU.ActiveCfg = Release|Any CPU
		{678A8CF8-7C35-4CD1-9ABC-D520BCAABF39}.Release_x86|Any CPU.Build.0 = Release|Any CPU
		{678A8CF8-7C35-4CD1-9ABC-D520BCAABF39}.Release_x86|ARM.ActiveCfg = Release|ARM
		{678A8CF8-7C35-4CD1-9ABC-D520BCAABF39}.Release_x86|ARM.Build.0 = Release|ARM
		{678A8CF8-7C35-4CD1-9ABC-D520BCAABF39}.Release_x86|Mixed Platforms.ActiveCfg = Release|x86
		{678A8CF8-7C35-4CD1-9ABC-D520BCAABF39}.Release_x86|Mixed Platforms.Build.0 = Release|x86
		{678A8CF8-7C35-4CD1-9ABC-D520BCAABF39}.Release_x86|x64.ActiveCfg = Release|x64
		{678A8CF8-7C35-4CD1-9ABC-D520BCAABF39}.Release_x86|x64.Build.0 = Release|x64
		{678A8CF8-7C35-4CD1-9ABC-D520BCAABF39}.Release_x86|x86.ActiveCfg = Release|x86
		{678A8CF8-7C35-4CD1-9ABC-D520BCAABF39}.Release_x86|x86.Build.0 = Release|x86
		{678A8CF8-7C35-4CD1-9ABC-D520BCAABF39}.Release|Any CPU.ActiveCfg = Release|Any CPU
		{678A8CF8-7C35-4CD1-9ABC-D520BCAABF39}.Release|Any CPU.Build.0 = Release|Any CPU
		{678A8CF8-7C35-4CD1-9ABC-D520BCAABF39}.Release|ARM.ActiveCfg = Release|ARM
		{678A8CF8-7C35-4CD1-9ABC-D520BCAABF39}.Release|ARM.Build.0 = Release|ARM
		{678A8CF8-7C35-4CD1-9ABC-D520BCAABF39}.Release|Mixed Platforms.ActiveCfg = Release|x86
		{678A8CF8-7C35-4CD1-9ABC-D520BCAABF39}.Release|Mixed Platforms.Build.0 = Release|x86
		{678A8CF8-7C35-4CD1-9ABC-D520BCAABF39}.Release|x64.ActiveCfg = Release|x64
		{678A8CF8-7C35-4CD1-9ABC-D520BCAABF39}.Release|x64.Build.0 = Release|x64
		{678A8CF8-7C35-4CD1-9ABC-D520BCAABF39}.Release|x86.ActiveCfg = Release|x86
		{678A8CF8-7C35-4CD1-9ABC-D520BCAABF39}.Release|x86.Build.0 = Release|x86
		{934C975E-961B-4D56-B500-82DF42CE5E60}.Debug_ARM|Any CPU.ActiveCfg = Debug|Any CPU
		{934C975E-961B-4D56-B500-82DF42CE5E60}.Debug_ARM|Any CPU.Build.0 = Debug|Any CPU
		{934C975E-961B-4D56-B500-82DF42CE5E60}.Debug_ARM|ARM.ActiveCfg = Debug|ARM
		{934C975E-961B-4D56-B500-82DF42CE5E60}.Debug_ARM|ARM.Build.0 = Debug|ARM
		{934C975E-961B-4D56-B500-82DF42CE5E60}.Debug_ARM|Mixed Platforms.ActiveCfg = Debug|ARM
		{934C975E-961B-4D56-B500-82DF42CE5E60}.Debug_ARM|Mixed Platforms.Build.0 = Debug|ARM
		{934C975E-961B-4D56-B500-82DF42CE5E60}.Debug_ARM|x64.ActiveCfg = Debug|x64
		{934C975E-961B-4D56-B500-82DF42CE5E60}.Debug_ARM|x64.Build.0 = Debug|x64
		{934C975E-961B-4D56-B500-82DF42CE5E60}.Debug_ARM|x86.ActiveCfg = Debug|x86
		{934C975E-961B-4D56-B500-82DF42CE5E60}.Debug_ARM|x86.Build.0 = Debug|x86
		{934C975E-961B-4D56-B500-82DF42CE5E60}.Debug_LocalService_x86|Any CPU.ActiveCfg = Debug|Any CPU
		{934C975E-961B-4D56-B500-82DF42CE5E60}.Debug_LocalService_x86|Any CPU.Build.0 = Debug|Any CPU
		{934C975E-961B-4D56-B500-82DF42CE5E60}.Debug_LocalService_x86|ARM.ActiveCfg = Debug|ARM
		{934C975E-961B-4D56-B500-82DF42CE5E60}.Debug_LocalService_x86|ARM.Build.0 = Debug|ARM
		{934C975E-961B-4D56-B500-82DF42CE5E60}.Debug_LocalService_x86|Mixed Platforms.ActiveCfg = Debug|x86
		{934C975E-961B-4D56-B500-82DF42CE5E60}.Debug_LocalService_x86|Mixed Platforms.Build.0 = Debug|x86
		{934C975E-961B-4D56-B500-82DF42CE5E60}.Debug_LocalService_x86|x64.ActiveCfg = Debug|x64
		{934C975E-961B-4D56-B500-82DF42CE5E60}.Debug_LocalService_x86|x64.Build.0 = Debug|x64
		{934C975E-961B-4D56-B500-82DF42CE5E60}.Debug_LocalService_x86|x86.ActiveCfg = Debug|x86
		{934C975E-961B-4D56-B500-82DF42CE5E60}.Debug_LocalService_x86|x86.Build.0 = Debug|x86
		{934C975E-961B-4D56-B500-82DF42CE5E60}.Debug_LocalService|Any CPU.ActiveCfg = Debug|Any CPU
		{934C975E-961B-4D56-B500-82DF42CE5E60}.Debug_LocalService|Any CPU.Build.0 = Debug|Any CPU
		{934C975E-961B-4D56-B500-82DF42CE5E60}.Debug_LocalService|ARM.ActiveCfg = Debug|ARM
		{934C975E-961B-4D56-B500-82DF42CE5E60}.Debug_LocalService|ARM.Build.0 = Debug|ARM
		{934C975E-961B-4D56-B500-82DF42CE5E60}.Debug_LocalService|Mixed Platforms.ActiveCfg = Debug|x86
		{934C975E-961B-4D56-B500-82DF42CE5E60}.Debug_LocalService|Mixed Platforms.Build.0 = Debug|x86
		{934C975E-961B-4D56-B500-82DF42CE5E60}.Debug_LocalService|x64.ActiveCfg = Debug|x64
		{934C975E-961B-4D56-B500-82DF42CE5E60}.Debug_LocalService|x64.Build.0 = Debug|x64
		{934C975E-961B-4D56-B500-82DF42CE5E60}.Debug_LocalService|x86.ActiveCfg = Debug|x86
		{934C975E-961B-4D56-B500-82DF42CE5E60}.Debug_LocalService|x86.Build.0 = Debug|x86
		{934C975E-961B-4D56-B500-82DF42CE5E60}.Debug_x86|Any CPU.ActiveCfg = Debug|Any CPU
		{934C975E-961B-4D56-B500-82DF42CE5E60}.Debug_x86|Any CPU.Build.0 = Debug|Any CPU
		{934C975E-961B-4D56-B500-82DF42CE5E60}.Debug_x86|ARM.ActiveCfg = Debug|ARM
		{934C975E-961B-4D56-B500-82DF42CE5E60}.Debug_x86|ARM.Build.0 = Debug|ARM
		{934C975E-961B-4D56-B500-82DF42CE5E60}.Debug_x86|Mixed Platforms.ActiveCfg = Debug|x86
		{934C975E-961B-4D56-B500-82DF42CE5E60}.Debug_x86|Mixed Platforms.Build.0 = Debug|x86
		{934C975E-961B-4D56-B500-82DF42CE5E60}.Debug_x86|x64.ActiveCfg = Debug|x64
		{934C975E-961B-4D56-B500-82DF42CE5E60}.Debug_x86|x64.Build.0 = Debug|x64
		{934C975E-961B-4D56-B500-82DF42CE5E60}.Debug_x86|x86.ActiveCfg = Debug|x86
		{934C975E-961B-4D56-B500-82DF42CE5E60}.Debug_x86|x86.Build.0 = Debug|x86
		{934C975E-961B-4D56-B500-82DF42CE5E60}.Debug|Any CPU.ActiveCfg = Debug|Any CPU
		{934C975E-961B-4D56-B500-82DF42CE5E60}.Debug|Any CPU.Build.0 = Debug|Any CPU
		{934C975E-961B-4D56-B500-82DF42CE5E60}.Debug|ARM.ActiveCfg = Debug|ARM
		{934C975E-961B-4D56-B500-82DF42CE5E60}.Debug|ARM.Build.0 = Debug|ARM
		{934C975E-961B-4D56-B500-82DF42CE5E60}.Debug|Mixed Platforms.ActiveCfg = Debug|x86
		{934C975E-961B-4D56-B500-82DF42CE5E60}.Debug|Mixed Platforms.Build.0 = Debug|x86
		{934C975E-961B-4D56-B500-82DF42CE5E60}.Debug|x64.ActiveCfg = Debug|x64
		{934C975E-961B-4D56-B500-82DF42CE5E60}.Debug|x64.Build.0 = Debug|x64
		{934C975E-961B-4D56-B500-82DF42CE5E60}.Debug|x86.ActiveCfg = Debug|x86
		{934C975E-961B-4D56-B500-82DF42CE5E60}.Debug|x86.Build.0 = Debug|x86
		{934C975E-961B-4D56-B500-82DF42CE5E60}.Release_ARM|Any CPU.ActiveCfg = Release|Any CPU
		{934C975E-961B-4D56-B500-82DF42CE5E60}.Release_ARM|Any CPU.Build.0 = Release|Any CPU
		{934C975E-961B-4D56-B500-82DF42CE5E60}.Release_ARM|ARM.ActiveCfg = Release|ARM
		{934C975E-961B-4D56-B500-82DF42CE5E60}.Release_ARM|ARM.Build.0 = Release|ARM
		{934C975E-961B-4D56-B500-82DF42CE5E60}.Release_ARM|Mixed Platforms.ActiveCfg = Release|ARM
		{934C975E-961B-4D56-B500-82DF42CE5E60}.Release_ARM|Mixed Platforms.Build.0 = Release|ARM
		{934C975E-961B-4D56-B500-82DF42CE5E60}.Release_ARM|x64.ActiveCfg = Release|x64
		{934C975E-961B-4D56-B500-82DF42CE5E60}.Release_ARM|x64.Build.0 = Release|x64
		{934C975E-961B-4D56-B500-82DF42CE5E60}.Release_ARM|x86.ActiveCfg = Release|x86
		{934C975E-961B-4D56-B500-82DF42CE5E60}.Release_ARM|x86.Build.0 = Release|x86
		{934C975E-961B-4D56-B500-82DF42CE5E60}.Release_x86|Any CPU.ActiveCfg = Release|Any CPU
		{934C975E-961B-4D56-B500-82DF42CE5E60}.Release_x86|Any CPU.Build.0 = Release|Any CPU
		{934C975E-961B-4D56-B500-82DF42CE5E60}.Release_x86|ARM.ActiveCfg = Release|ARM
		{934C975E-961B-4D56-B500-82DF42CE5E60}.Release_x86|ARM.Build.0 = Release|ARM
		{934C975E-961B-4D56-B500-82DF42CE5E60}.Release_x86|Mixed Platforms.ActiveCfg = Release|x86
		{934C975E-961B-4D56-B500-82DF42CE5E60}.Release_x86|Mixed Platforms.Build.0 = Release|x86
		{934C975E-961B-4D56-B500-82DF42CE5E60}.Release_x86|x64.ActiveCfg = Release|x64
		{934C975E-961B-4D56-B500-82DF42CE5E60}.Release_x86|x64.Build.0 = Release|x64
		{934C975E-961B-4D56-B500-82DF42CE5E60}.Release_x86|x86.ActiveCfg = Release|x86
		{934C975E-961B-4D56-B500-82DF42CE5E60}.Release_x86|x86.Build.0 = Release|x86
		{934C975E-961B-4D56-B500-82DF42CE5E60}.Release|Any CPU.ActiveCfg = Release|Any CPU
		{934C975E-961B-4D56-B500-82DF42CE5E60}.Release|Any CPU.Build.0 = Release|Any CPU
		{934C975E-961B-4D56-B500-82DF42CE5E60}.Release|ARM.ActiveCfg = Release|ARM
		{934C975E-961B-4D56-B500-82DF42CE5E60}.Release|ARM.Build.0 = Release|ARM
		{934C975E-961B-4D56-B500-82DF42CE5E60}.Release|Mixed Platforms.ActiveCfg = Release|x86
		{934C975E-961B-4D56-B500-82DF42CE5E60}.Release|Mixed Platforms.Build.0 = Release|x86
		{934C975E-961B-4D56-B500-82DF42CE5E60}.Release|x64.ActiveCfg = Release|x64
		{934C975E-961B-4D56-B500-82DF42CE5E60}.Release|x64.Build.0 = Release|x64
		{934C975E-961B-4D56-B500-82DF42CE5E60}.Release|x86.ActiveCfg = Release|x86
		{934C975E-961B-4D56-B500-82DF42CE5E60}.Release|x86.Build.0 = Release|x86
		{A8BA1066-5695-4D71-ABB4-65E5A5E0C3D4}.Debug_ARM|Any CPU.ActiveCfg = Debug|Any CPU
		{A8BA1066-5695-4D71-ABB4-65E5A5E0C3D4}.Debug_ARM|Any CPU.Build.0 = Debug|Any CPU
		{A8BA1066-5695-4D71-ABB4-65E5A5E0C3D4}.Debug_ARM|ARM.ActiveCfg = Debug|Any CPU
		{A8BA1066-5695-4D71-ABB4-65E5A5E0C3D4}.Debug_ARM|ARM.Build.0 = Debug|Any CPU
		{A8BA1066-5695-4D71-ABB4-65E5A5E0C3D4}.Debug_ARM|Mixed Platforms.ActiveCfg = Debug|Any CPU
		{A8BA1066-5695-4D71-ABB4-65E5A5E0C3D4}.Debug_ARM|Mixed Platforms.Build.0 = Debug|Any CPU
		{A8BA1066-5695-4D71-ABB4-65E5A5E0C3D4}.Debug_ARM|x64.ActiveCfg = Debug|Any CPU
		{A8BA1066-5695-4D71-ABB4-65E5A5E0C3D4}.Debug_ARM|x64.Build.0 = Debug|Any CPU
		{A8BA1066-5695-4D71-ABB4-65E5A5E0C3D4}.Debug_ARM|x86.ActiveCfg = Debug|Any CPU
		{A8BA1066-5695-4D71-ABB4-65E5A5E0C3D4}.Debug_ARM|x86.Build.0 = Debug|Any CPU
		{A8BA1066-5695-4D71-ABB4-65E5A5E0C3D4}.Debug_LocalService_x86|Any CPU.ActiveCfg = Debug|Any CPU
		{A8BA1066-5695-4D71-ABB4-65E5A5E0C3D4}.Debug_LocalService_x86|Any CPU.Build.0 = Debug|Any CPU
		{A8BA1066-5695-4D71-ABB4-65E5A5E0C3D4}.Debug_LocalService_x86|ARM.ActiveCfg = Debug|Any CPU
		{A8BA1066-5695-4D71-ABB4-65E5A5E0C3D4}.Debug_LocalService_x86|ARM.Build.0 = Debug|Any CPU
		{A8BA1066-5695-4D71-ABB4-65E5A5E0C3D4}.Debug_LocalService_x86|Mixed Platforms.ActiveCfg = Debug|Any CPU
		{A8BA1066-5695-4D71-ABB4-65E5A5E0C3D4}.Debug_LocalService_x86|Mixed Platforms.Build.0 = Debug|Any CPU
		{A8BA1066-5695-4D71-ABB4-65E5A5E0C3D4}.Debug_LocalService_x86|x64.ActiveCfg = Debug|Any CPU
		{A8BA1066-5695-4D71-ABB4-65E5A5E0C3D4}.Debug_LocalService_x86|x64.Build.0 = Debug|Any CPU
		{A8BA1066-5695-4D71-ABB4-65E5A5E0C3D4}.Debug_LocalService_x86|x86.ActiveCfg = Debug|Any CPU
		{A8BA1066-5695-4D71-ABB4-65E5A5E0C3D4}.Debug_LocalService_x86|x86.Build.0 = Debug|Any CPU
		{A8BA1066-5695-4D71-ABB4-65E5A5E0C3D4}.Debug_LocalService|Any CPU.ActiveCfg = Debug|Any CPU
		{A8BA1066-5695-4D71-ABB4-65E5A5E0C3D4}.Debug_LocalService|Any CPU.Build.0 = Debug|Any CPU
		{A8BA1066-5695-4D71-ABB4-65E5A5E0C3D4}.Debug_LocalService|ARM.ActiveCfg = Debug|Any CPU
		{A8BA1066-5695-4D71-ABB4-65E5A5E0C3D4}.Debug_LocalService|ARM.Build.0 = Debug|Any CPU
		{A8BA1066-5695-4D71-ABB4-65E5A5E0C3D4}.Debug_LocalService|Mixed Platforms.ActiveCfg = Debug|Any CPU
		{A8BA1066-5695-4D71-ABB4-65E5A5E0C3D4}.Debug_LocalService|Mixed Platforms.Build.0 = Debug|Any CPU
		{A8BA1066-5695-4D71-ABB4-65E5A5E0C3D4}.Debug_LocalService|x64.ActiveCfg = Debug|Any CPU
		{A8BA1066-5695-4D71-ABB4-65E5A5E0C3D4}.Debug_LocalService|x64.Build.0 = Debug|Any CPU
		{A8BA1066-5695-4D71-ABB4-65E5A5E0C3D4}.Debug_LocalService|x86.ActiveCfg = Debug|Any CPU
		{A8BA1066-5695-4D71-ABB4-65E5A5E0C3D4}.Debug_LocalService|x86.Build.0 = Debug|Any CPU
		{A8BA1066-5695-4D71-ABB4-65E5A5E0C3D4}.Debug_x86|Any CPU.ActiveCfg = Debug|Any CPU
		{A8BA1066-5695-4D71-ABB4-65E5A5E0C3D4}.Debug_x86|Any CPU.Build.0 = Debug|Any CPU
		{A8BA1066-5695-4D71-ABB4-65E5A5E0C3D4}.Debug_x86|ARM.ActiveCfg = Debug|Any CPU
		{A8BA1066-5695-4D71-ABB4-65E5A5E0C3D4}.Debug_x86|ARM.Build.0 = Debug|Any CPU
		{A8BA1066-5695-4D71-ABB4-65E5A5E0C3D4}.Debug_x86|Mixed Platforms.ActiveCfg = Debug|Any CPU
		{A8BA1066-5695-4D71-ABB4-65E5A5E0C3D4}.Debug_x86|Mixed Platforms.Build.0 = Debug|Any CPU
		{A8BA1066-5695-4D71-ABB4-65E5A5E0C3D4}.Debug_x86|x64.ActiveCfg = Debug|Any CPU
		{A8BA1066-5695-4D71-ABB4-65E5A5E0C3D4}.Debug_x86|x64.Build.0 = Debug|Any CPU
		{A8BA1066-5695-4D71-ABB4-65E5A5E0C3D4}.Debug_x86|x86.ActiveCfg = Debug|Any CPU
		{A8BA1066-5695-4D71-ABB4-65E5A5E0C3D4}.Debug_x86|x86.Build.0 = Debug|Any CPU
		{A8BA1066-5695-4D71-ABB4-65E5A5E0C3D4}.Debug|Any CPU.ActiveCfg = Debug|Any CPU
		{A8BA1066-5695-4D71-ABB4-65E5A5E0C3D4}.Debug|Any CPU.Build.0 = Debug|Any CPU
		{A8BA1066-5695-4D71-ABB4-65E5A5E0C3D4}.Debug|ARM.ActiveCfg = Debug|Any CPU
		{A8BA1066-5695-4D71-ABB4-65E5A5E0C3D4}.Debug|ARM.Build.0 = Debug|Any CPU
		{A8BA1066-5695-4D71-ABB4-65E5A5E0C3D4}.Debug|Mixed Platforms.ActiveCfg = Debug|Any CPU
		{A8BA1066-5695-4D71-ABB4-65E5A5E0C3D4}.Debug|Mixed Platforms.Build.0 = Debug|Any CPU
		{A8BA1066-5695-4D71-ABB4-65E5A5E0C3D4}.Debug|x64.ActiveCfg = Debug|Any CPU
		{A8BA1066-5695-4D71-ABB4-65E5A5E0C3D4}.Debug|x64.Build.0 = Debug|Any CPU
		{A8BA1066-5695-4D71-ABB4-65E5A5E0C3D4}.Debug|x86.ActiveCfg = Debug|Any CPU
		{A8BA1066-5695-4D71-ABB4-65E5A5E0C3D4}.Debug|x86.Build.0 = Debug|Any CPU
		{A8BA1066-5695-4D71-ABB4-65E5A5E0C3D4}.Release_ARM|Any CPU.ActiveCfg = Release|Any CPU
		{A8BA1066-5695-4D71-ABB4-65E5A5E0C3D4}.Release_ARM|Any CPU.Build.0 = Release|Any CPU
		{A8BA1066-5695-4D71-ABB4-65E5A5E0C3D4}.Release_ARM|ARM.ActiveCfg = Release|Any CPU
		{A8BA1066-5695-4D71-ABB4-65E5A5E0C3D4}.Release_ARM|ARM.Build.0 = Release|Any CPU
		{A8BA1066-5695-4D71-ABB4-65E5A5E0C3D4}.Release_ARM|Mixed Platforms.ActiveCfg = Release|Any CPU
		{A8BA1066-5695-4D71-ABB4-65E5A5E0C3D4}.Release_ARM|Mixed Platforms.Build.0 = Release|Any CPU
		{A8BA1066-5695-4D71-ABB4-65E5A5E0C3D4}.Release_ARM|x64.ActiveCfg = Release|Any CPU
		{A8BA1066-5695-4D71-ABB4-65E5A5E0C3D4}.Release_ARM|x64.Build.0 = Release|Any CPU
		{A8BA1066-5695-4D71-ABB4-65E5A5E0C3D4}.Release_ARM|x86.ActiveCfg = Release|Any CPU
		{A8BA1066-5695-4D71-ABB4-65E5A5E0C3D4}.Release_ARM|x86.Build.0 = Release|Any CPU
		{A8BA1066-5695-4D71-ABB4-65E5A5E0C3D4}.Release_x86|Any CPU.ActiveCfg = Release|Any CPU
		{A8BA1066-5695-4D71-ABB4-65E5A5E0C3D4}.Release_x86|Any CPU.Build.0 = Release|Any CPU
		{A8BA1066-5695-4D71-ABB4-65E5A5E0C3D4}.Release_x86|ARM.ActiveCfg = Release|Any CPU
		{A8BA1066-5695-4D71-ABB4-65E5A5E0C3D4}.Release_x86|ARM.Build.0 = Release|Any CPU
		{A8BA1066-5695-4D71-ABB4-65E5A5E0C3D4}.Release_x86|Mixed Platforms.ActiveCfg = Release|Any CPU
		{A8BA1066-5695-4D71-ABB4-65E5A5E0C3D4}.Release_x86|Mixed Platforms.Build.0 = Release|Any CPU
		{A8BA1066-5695-4D71-ABB4-65E5A5E0C3D4}.Release_x86|x64.ActiveCfg = Release|Any CPU
		{A8BA1066-5695-4D71-ABB4-65E5A5E0C3D4}.Release_x86|x64.Build.0 = Release|Any CPU
		{A8BA1066-5695-4D71-ABB4-65E5A5E0C3D4}.Release_x86|x86.ActiveCfg = Release|Any CPU
		{A8BA1066-5695-4D71-ABB4-65E5A5E0C3D4}.Release_x86|x86.Build.0 = Release|Any CPU
		{A8BA1066-5695-4D71-ABB4-65E5A5E0C3D4}.Release|Any CPU.ActiveCfg = Release|Any CPU
		{A8BA1066-5695-4D71-ABB4-65E5A5E0C3D4}.Release|Any CPU.Build.0 = Release|Any CPU
		{A8BA1066-5695-4D71-ABB4-65E5A5E0C3D4}.Release|ARM.ActiveCfg = Release|Any CPU
		{A8BA1066-5695-4D71-ABB4-65E5A5E0C3D4}.Release|ARM.Build.0 = Release|Any CPU
		{A8BA1066-5695-4D71-ABB4-65E5A5E0C3D4}.Release|Mixed Platforms.ActiveCfg = Release|Any CPU
		{A8BA1066-5695-4D71-ABB4-65E5A5E0C3D4}.Release|Mixed Platforms.Build.0 = Release|Any CPU
		{A8BA1066-5695-4D71-ABB4-65E5A5E0C3D4}.Release|x64.ActiveCfg = Release|Any CPU
		{A8BA1066-5695-4D71-ABB4-65E5A5E0C3D4}.Release|x64.Build.0 = Release|Any CPU
		{A8BA1066-5695-4D71-ABB4-65E5A5E0C3D4}.Release|x86.ActiveCfg = Release|Any CPU
		{A8BA1066-5695-4D71-ABB4-65E5A5E0C3D4}.Release|x86.Build.0 = Release|Any CPU
		{7275CC12-DB81-4F8B-A89F-B7BC4159F863}.Debug_ARM|Any CPU.ActiveCfg = Debug|Any CPU
		{7275CC12-DB81-4F8B-A89F-B7BC4159F863}.Debug_ARM|Any CPU.Build.0 = Debug|Any CPU
		{7275CC12-DB81-4F8B-A89F-B7BC4159F863}.Debug_ARM|ARM.ActiveCfg = Debug|Any CPU
		{7275CC12-DB81-4F8B-A89F-B7BC4159F863}.Debug_ARM|ARM.Build.0 = Debug|Any CPU
		{7275CC12-DB81-4F8B-A89F-B7BC4159F863}.Debug_ARM|Mixed Platforms.ActiveCfg = Debug|Any CPU
		{7275CC12-DB81-4F8B-A89F-B7BC4159F863}.Debug_ARM|Mixed Platforms.Build.0 = Debug|Any CPU
		{7275CC12-DB81-4F8B-A89F-B7BC4159F863}.Debug_ARM|x64.ActiveCfg = Debug|Any CPU
		{7275CC12-DB81-4F8B-A89F-B7BC4159F863}.Debug_ARM|x64.Build.0 = Debug|Any CPU
		{7275CC12-DB81-4F8B-A89F-B7BC4159F863}.Debug_ARM|x86.ActiveCfg = Debug|Any CPU
		{7275CC12-DB81-4F8B-A89F-B7BC4159F863}.Debug_ARM|x86.Build.0 = Debug|Any CPU
		{7275CC12-DB81-4F8B-A89F-B7BC4159F863}.Debug_LocalService_x86|Any CPU.ActiveCfg = Debug|Any CPU
		{7275CC12-DB81-4F8B-A89F-B7BC4159F863}.Debug_LocalService_x86|Any CPU.Build.0 = Debug|Any CPU
		{7275CC12-DB81-4F8B-A89F-B7BC4159F863}.Debug_LocalService_x86|ARM.ActiveCfg = Debug|Any CPU
		{7275CC12-DB81-4F8B-A89F-B7BC4159F863}.Debug_LocalService_x86|ARM.Build.0 = Debug|Any CPU
		{7275CC12-DB81-4F8B-A89F-B7BC4159F863}.Debug_LocalService_x86|Mixed Platforms.ActiveCfg = Debug|Any CPU
		{7275CC12-DB81-4F8B-A89F-B7BC4159F863}.Debug_LocalService_x86|Mixed Platforms.Build.0 = Debug|Any CPU
		{7275CC12-DB81-4F8B-A89F-B7BC4159F863}.Debug_LocalService_x86|x64.ActiveCfg = Debug|Any CPU
		{7275CC12-DB81-4F8B-A89F-B7BC4159F863}.Debug_LocalService_x86|x64.Build.0 = Debug|Any CPU
		{7275CC12-DB81-4F8B-A89F-B7BC4159F863}.Debug_LocalService_x86|x86.ActiveCfg = Debug|Any CPU
		{7275CC12-DB81-4F8B-A89F-B7BC4159F863}.Debug_LocalService_x86|x86.Build.0 = Debug|Any CPU
		{7275CC12-DB81-4F8B-A89F-B7BC4159F863}.Debug_LocalService|Any CPU.ActiveCfg = Debug|Any CPU
		{7275CC12-DB81-4F8B-A89F-B7BC4159F863}.Debug_LocalService|Any CPU.Build.0 = Debug|Any CPU
		{7275CC12-DB81-4F8B-A89F-B7BC4159F863}.Debug_LocalService|ARM.ActiveCfg = Debug|Any CPU
		{7275CC12-DB81-4F8B-A89F-B7BC4159F863}.Debug_LocalService|ARM.Build.0 = Debug|Any CPU
		{7275CC12-DB81-4F8B-A89F-B7BC4159F863}.Debug_LocalService|Mixed Platforms.ActiveCfg = Debug|Any CPU
		{7275CC12-DB81-4F8B-A89F-B7BC4159F863}.Debug_LocalService|Mixed Platforms.Build.0 = Debug|Any CPU
		{7275CC12-DB81-4F8B-A89F-B7BC4159F863}.Debug_LocalService|x64.ActiveCfg = Debug|Any CPU
		{7275CC12-DB81-4F8B-A89F-B7BC4159F863}.Debug_LocalService|x64.Build.0 = Debug|Any CPU
		{7275CC12-DB81-4F8B-A89F-B7BC4159F863}.Debug_LocalService|x86.ActiveCfg = Debug|Any CPU
		{7275CC12-DB81-4F8B-A89F-B7BC4159F863}.Debug_LocalService|x86.Build.0 = Debug|Any CPU
		{7275CC12-DB81-4F8B-A89F-B7BC4159F863}.Debug_x86|Any CPU.ActiveCfg = Debug|Any CPU
		{7275CC12-DB81-4F8B-A89F-B7BC4159F863}.Debug_x86|Any CPU.Build.0 = Debug|Any CPU
		{7275CC12-DB81-4F8B-A89F-B7BC4159F863}.Debug_x86|ARM.ActiveCfg = Debug|Any CPU
		{7275CC12-DB81-4F8B-A89F-B7BC4159F863}.Debug_x86|ARM.Build.0 = Debug|Any CPU
		{7275CC12-DB81-4F8B-A89F-B7BC4159F863}.Debug_x86|Mixed Platforms.ActiveCfg = Debug|Any CPU
		{7275CC12-DB81-4F8B-A89F-B7BC4159F863}.Debug_x86|Mixed Platforms.Build.0 = Debug|Any CPU
		{7275CC12-DB81-4F8B-A89F-B7BC4159F863}.Debug_x86|x64.ActiveCfg = Debug|Any CPU
		{7275CC12-DB81-4F8B-A89F-B7BC4159F863}.Debug_x86|x64.Build.0 = Debug|Any CPU
		{7275CC12-DB81-4F8B-A89F-B7BC4159F863}.Debug_x86|x86.ActiveCfg = Debug|Any CPU
		{7275CC12-DB81-4F8B-A89F-B7BC4159F863}.Debug_x86|x86.Build.0 = Debug|Any CPU
		{7275CC12-DB81-4F8B-A89F-B7BC4159F863}.Debug|Any CPU.ActiveCfg = Debug|Any CPU
		{7275CC12-DB81-4F8B-A89F-B7BC4159F863}.Debug|Any CPU.Build.0 = Debug|Any CPU
		{7275CC12-DB81-4F8B-A89F-B7BC4159F863}.Debug|ARM.ActiveCfg = Debug|Any CPU
		{7275CC12-DB81-4F8B-A89F-B7BC4159F863}.Debug|ARM.Build.0 = Debug|Any CPU
		{7275CC12-DB81-4F8B-A89F-B7BC4159F863}.Debug|Mixed Platforms.ActiveCfg = Debug|Any CPU
		{7275CC12-DB81-4F8B-A89F-B7BC4159F863}.Debug|Mixed Platforms.Build.0 = Debug|Any CPU
		{7275CC12-DB81-4F8B-A89F-B7BC4159F863}.Debug|x64.ActiveCfg = Debug|Any CPU
		{7275CC12-DB81-4F8B-A89F-B7BC4159F863}.Debug|x64.Build.0 = Debug|Any CPU
		{7275CC12-DB81-4F8B-A89F-B7BC4159F863}.Debug|x86.ActiveCfg = Debug|Any CPU
		{7275CC12-DB81-4F8B-A89F-B7BC4159F863}.Debug|x86.Build.0 = Debug|Any CPU
		{7275CC12-DB81-4F8B-A89F-B7BC4159F863}.Release_ARM|Any CPU.ActiveCfg = Release|Any CPU
		{7275CC12-DB81-4F8B-A89F-B7BC4159F863}.Release_ARM|Any CPU.Build.0 = Release|Any CPU
		{7275CC12-DB81-4F8B-A89F-B7BC4159F863}.Release_ARM|ARM.ActiveCfg = Release|Any CPU
		{7275CC12-DB81-4F8B-A89F-B7BC4159F863}.Release_ARM|ARM.Build.0 = Release|Any CPU
		{7275CC12-DB81-4F8B-A89F-B7BC4159F863}.Release_ARM|Mixed Platforms.ActiveCfg = Release|Any CPU
		{7275CC12-DB81-4F8B-A89F-B7BC4159F863}.Release_ARM|Mixed Platforms.Build.0 = Release|Any CPU
		{7275CC12-DB81-4F8B-A89F-B7BC4159F863}.Release_ARM|x64.ActiveCfg = Release|Any CPU
		{7275CC12-DB81-4F8B-A89F-B7BC4159F863}.Release_ARM|x64.Build.0 = Release|Any CPU
		{7275CC12-DB81-4F8B-A89F-B7BC4159F863}.Release_ARM|x86.ActiveCfg = Release|Any CPU
		{7275CC12-DB81-4F8B-A89F-B7BC4159F863}.Release_ARM|x86.Build.0 = Release|Any CPU
		{7275CC12-DB81-4F8B-A89F-B7BC4159F863}.Release_x86|Any CPU.ActiveCfg = Release|Any CPU
		{7275CC12-DB81-4F8B-A89F-B7BC4159F863}.Release_x86|Any CPU.Build.0 = Release|Any CPU
		{7275CC12-DB81-4F8B-A89F-B7BC4159F863}.Release_x86|ARM.ActiveCfg = Release|Any CPU
		{7275CC12-DB81-4F8B-A89F-B7BC4159F863}.Release_x86|ARM.Build.0 = Release|Any CPU
		{7275CC12-DB81-4F8B-A89F-B7BC4159F863}.Release_x86|Mixed Platforms.ActiveCfg = Release|Any CPU
		{7275CC12-DB81-4F8B-A89F-B7BC4159F863}.Release_x86|Mixed Platforms.Build.0 = Release|Any CPU
		{7275CC12-DB81-4F8B-A89F-B7BC4159F863}.Release_x86|x64.ActiveCfg = Release|Any CPU
		{7275CC12-DB81-4F8B-A89F-B7BC4159F863}.Release_x86|x64.Build.0 = Release|Any CPU
		{7275CC12-DB81-4F8B-A89F-B7BC4159F863}.Release_x86|x86.ActiveCfg = Release|Any CPU
		{7275CC12-DB81-4F8B-A89F-B7BC4159F863}.Release_x86|x86.Build.0 = Release|Any CPU
		{7275CC12-DB81-4F8B-A89F-B7BC4159F863}.Release|Any CPU.ActiveCfg = Release|Any CPU
		{7275CC12-DB81-4F8B-A89F-B7BC4159F863}.Release|Any CPU.Build.0 = Release|Any CPU
		{7275CC12-DB81-4F8B-A89F-B7BC4159F863}.Release|ARM.ActiveCfg = Release|Any CPU
		{7275CC12-DB81-4F8B-A89F-B7BC4159F863}.Release|ARM.Build.0 = Release|Any CPU
		{7275CC12-DB81-4F8B-A89F-B7BC4159F863}.Release|Mixed Platforms.ActiveCfg = Release|Any CPU
		{7275CC12-DB81-4F8B-A89F-B7BC4159F863}.Release|Mixed Platforms.Build.0 = Release|Any CPU
		{7275CC12-DB81-4F8B-A89F-B7BC4159F863}.Release|x64.ActiveCfg = Release|Any CPU
		{7275CC12-DB81-4F8B-A89F-B7BC4159F863}.Release|x64.Build.0 = Release|Any CPU
		{7275CC12-DB81-4F8B-A89F-B7BC4159F863}.Release|x86.ActiveCfg = Release|Any CPU
		{7275CC12-DB81-4F8B-A89F-B7BC4159F863}.Release|x86.Build.0 = Release|Any CPU
		{E05022B8-7ECC-4497-8A58-5F73804BB779}.Debug_ARM|Any CPU.ActiveCfg = Debug|Any CPU
		{E05022B8-7ECC-4497-8A58-5F73804BB779}.Debug_ARM|Any CPU.Build.0 = Debug|Any CPU
		{E05022B8-7ECC-4497-8A58-5F73804BB779}.Debug_ARM|ARM.ActiveCfg = Debug|Any CPU
		{E05022B8-7ECC-4497-8A58-5F73804BB779}.Debug_ARM|ARM.Build.0 = Debug|Any CPU
		{E05022B8-7ECC-4497-8A58-5F73804BB779}.Debug_ARM|Mixed Platforms.ActiveCfg = Debug|Any CPU
		{E05022B8-7ECC-4497-8A58-5F73804BB779}.Debug_ARM|Mixed Platforms.Build.0 = Debug|Any CPU
		{E05022B8-7ECC-4497-8A58-5F73804BB779}.Debug_ARM|x64.ActiveCfg = Debug|Any CPU
		{E05022B8-7ECC-4497-8A58-5F73804BB779}.Debug_ARM|x64.Build.0 = Debug|Any CPU
		{E05022B8-7ECC-4497-8A58-5F73804BB779}.Debug_ARM|x86.ActiveCfg = Debug|Any CPU
		{E05022B8-7ECC-4497-8A58-5F73804BB779}.Debug_ARM|x86.Build.0 = Debug|Any CPU
		{E05022B8-7ECC-4497-8A58-5F73804BB779}.Debug_LocalService_x86|Any CPU.ActiveCfg = Debug|Any CPU
		{E05022B8-7ECC-4497-8A58-5F73804BB779}.Debug_LocalService_x86|Any CPU.Build.0 = Debug|Any CPU
		{E05022B8-7ECC-4497-8A58-5F73804BB779}.Debug_LocalService_x86|ARM.ActiveCfg = Debug|Any CPU
		{E05022B8-7ECC-4497-8A58-5F73804BB779}.Debug_LocalService_x86|ARM.Build.0 = Debug|Any CPU
		{E05022B8-7ECC-4497-8A58-5F73804BB779}.Debug_LocalService_x86|Mixed Platforms.ActiveCfg = Debug|Any CPU
		{E05022B8-7ECC-4497-8A58-5F73804BB779}.Debug_LocalService_x86|Mixed Platforms.Build.0 = Debug|Any CPU
		{E05022B8-7ECC-4497-8A58-5F73804BB779}.Debug_LocalService_x86|x64.ActiveCfg = Debug|Any CPU
		{E05022B8-7ECC-4497-8A58-5F73804BB779}.Debug_LocalService_x86|x64.Build.0 = Debug|Any CPU
		{E05022B8-7ECC-4497-8A58-5F73804BB779}.Debug_LocalService_x86|x86.ActiveCfg = Debug|Any CPU
		{E05022B8-7ECC-4497-8A58-5F73804BB779}.Debug_LocalService_x86|x86.Build.0 = Debug|Any CPU
		{E05022B8-7ECC-4497-8A58-5F73804BB779}.Debug_LocalService|Any CPU.ActiveCfg = Debug|Any CPU
		{E05022B8-7ECC-4497-8A58-5F73804BB779}.Debug_LocalService|Any CPU.Build.0 = Debug|Any CPU
		{E05022B8-7ECC-4497-8A58-5F73804BB779}.Debug_LocalService|ARM.ActiveCfg = Debug|Any CPU
		{E05022B8-7ECC-4497-8A58-5F73804BB779}.Debug_LocalService|ARM.Build.0 = Debug|Any CPU
		{E05022B8-7ECC-4497-8A58-5F73804BB779}.Debug_LocalService|Mixed Platforms.ActiveCfg = Debug|Any CPU
		{E05022B8-7ECC-4497-8A58-5F73804BB779}.Debug_LocalService|Mixed Platforms.Build.0 = Debug|Any CPU
		{E05022B8-7ECC-4497-8A58-5F73804BB779}.Debug_LocalService|x64.ActiveCfg = Debug|Any CPU
		{E05022B8-7ECC-4497-8A58-5F73804BB779}.Debug_LocalService|x64.Build.0 = Debug|Any CPU
		{E05022B8-7ECC-4497-8A58-5F73804BB779}.Debug_LocalService|x86.ActiveCfg = Debug|Any CPU
		{E05022B8-7ECC-4497-8A58-5F73804BB779}.Debug_LocalService|x86.Build.0 = Debug|Any CPU
		{E05022B8-7ECC-4497-8A58-5F73804BB779}.Debug_x86|Any CPU.ActiveCfg = Debug|Any CPU
		{E05022B8-7ECC-4497-8A58-5F73804BB779}.Debug_x86|Any CPU.Build.0 = Debug|Any CPU
		{E05022B8-7ECC-4497-8A58-5F73804BB779}.Debug_x86|ARM.ActiveCfg = Debug|Any CPU
		{E05022B8-7ECC-4497-8A58-5F73804BB779}.Debug_x86|ARM.Build.0 = Debug|Any CPU
		{E05022B8-7ECC-4497-8A58-5F73804BB779}.Debug_x86|Mixed Platforms.ActiveCfg = Debug|Any CPU
		{E05022B8-7ECC-4497-8A58-5F73804BB779}.Debug_x86|Mixed Platforms.Build.0 = Debug|Any CPU
		{E05022B8-7ECC-4497-8A58-5F73804BB779}.Debug_x86|x64.ActiveCfg = Debug|Any CPU
		{E05022B8-7ECC-4497-8A58-5F73804BB779}.Debug_x86|x64.Build.0 = Debug|Any CPU
		{E05022B8-7ECC-4497-8A58-5F73804BB779}.Debug_x86|x86.ActiveCfg = Debug|Any CPU
		{E05022B8-7ECC-4497-8A58-5F73804BB779}.Debug_x86|x86.Build.0 = Debug|Any CPU
		{E05022B8-7ECC-4497-8A58-5F73804BB779}.Debug|Any CPU.ActiveCfg = Debug|Any CPU
		{E05022B8-7ECC-4497-8A58-5F73804BB779}.Debug|Any CPU.Build.0 = Debug|Any CPU
		{E05022B8-7ECC-4497-8A58-5F73804BB779}.Debug|ARM.ActiveCfg = Debug|Any CPU
		{E05022B8-7ECC-4497-8A58-5F73804BB779}.Debug|ARM.Build.0 = Debug|Any CPU
		{E05022B8-7ECC-4497-8A58-5F73804BB779}.Debug|Mixed Platforms.ActiveCfg = Debug|Any CPU
		{E05022B8-7ECC-4497-8A58-5F73804BB779}.Debug|Mixed Platforms.Build.0 = Debug|Any CPU
		{E05022B8-7ECC-4497-8A58-5F73804BB779}.Debug|x64.ActiveCfg = Debug|Any CPU
		{E05022B8-7ECC-4497-8A58-5F73804BB779}.Debug|x64.Build.0 = Debug|Any CPU
		{E05022B8-7ECC-4497-8A58-5F73804BB779}.Debug|x86.ActiveCfg = Debug|Any CPU
		{E05022B8-7ECC-4497-8A58-5F73804BB779}.Debug|x86.Build.0 = Debug|Any CPU
		{E05022B8-7ECC-4497-8A58-5F73804BB779}.Release_ARM|Any CPU.ActiveCfg = Release|Any CPU
		{E05022B8-7ECC-4497-8A58-5F73804BB779}.Release_ARM|Any CPU.Build.0 = Release|Any CPU
		{E05022B8-7ECC-4497-8A58-5F73804BB779}.Release_ARM|ARM.ActiveCfg = Release|Any CPU
		{E05022B8-7ECC-4497-8A58-5F73804BB779}.Release_ARM|ARM.Build.0 = Release|Any CPU
		{E05022B8-7ECC-4497-8A58-5F73804BB779}.Release_ARM|Mixed Platforms.ActiveCfg = Release|Any CPU
		{E05022B8-7ECC-4497-8A58-5F73804BB779}.Release_ARM|Mixed Platforms.Build.0 = Release|Any CPU
		{E05022B8-7ECC-4497-8A58-5F73804BB779}.Release_ARM|x64.ActiveCfg = Release|Any CPU
		{E05022B8-7ECC-4497-8A58-5F73804BB779}.Release_ARM|x64.Build.0 = Release|Any CPU
		{E05022B8-7ECC-4497-8A58-5F73804BB779}.Release_ARM|x86.ActiveCfg = Release|Any CPU
		{E05022B8-7ECC-4497-8A58-5F73804BB779}.Release_ARM|x86.Build.0 = Release|Any CPU
		{E05022B8-7ECC-4497-8A58-5F73804BB779}.Release_x86|Any CPU.ActiveCfg = Release|Any CPU
		{E05022B8-7ECC-4497-8A58-5F73804BB779}.Release_x86|Any CPU.Build.0 = Release|Any CPU
		{E05022B8-7ECC-4497-8A58-5F73804BB779}.Release_x86|ARM.ActiveCfg = Release|Any CPU
		{E05022B8-7ECC-4497-8A58-5F73804BB779}.Release_x86|ARM.Build.0 = Release|Any CPU
		{E05022B8-7ECC-4497-8A58-5F73804BB779}.Release_x86|Mixed Platforms.ActiveCfg = Release|Any CPU
		{E05022B8-7ECC-4497-8A58-5F73804BB779}.Release_x86|Mixed Platforms.Build.0 = Release|Any CPU
		{E05022B8-7ECC-4497-8A58-5F73804BB779}.Release_x86|x64.ActiveCfg = Release|Any CPU
		{E05022B8-7ECC-4497-8A58-5F73804BB779}.Release_x86|x64.Build.0 = Release|Any CPU
		{E05022B8-7ECC-4497-8A58-5F73804BB779}.Release_x86|x86.ActiveCfg = Release|Any CPU
		{E05022B8-7ECC-4497-8A58-5F73804BB779}.Release_x86|x86.Build.0 = Release|Any CPU
		{E05022B8-7ECC-4497-8A58-5F73804BB779}.Release|Any CPU.ActiveCfg = Release|Any CPU
		{E05022B8-7ECC-4497-8A58-5F73804BB779}.Release|Any CPU.Build.0 = Release|Any CPU
		{E05022B8-7ECC-4497-8A58-5F73804BB779}.Release|ARM.ActiveCfg = Release|Any CPU
		{E05022B8-7ECC-4497-8A58-5F73804BB779}.Release|ARM.Build.0 = Release|Any CPU
		{E05022B8-7ECC-4497-8A58-5F73804BB779}.Release|Mixed Platforms.ActiveCfg = Release|Any CPU
		{E05022B8-7ECC-4497-8A58-5F73804BB779}.Release|Mixed Platforms.Build.0 = Release|Any CPU
		{E05022B8-7ECC-4497-8A58-5F73804BB779}.Release|x64.ActiveCfg = Release|Any CPU
		{E05022B8-7ECC-4497-8A58-5F73804BB779}.Release|x64.Build.0 = Release|Any CPU
		{E05022B8-7ECC-4497-8A58-5F73804BB779}.Release|x86.ActiveCfg = Release|Any CPU
		{E05022B8-7ECC-4497-8A58-5F73804BB779}.Release|x86.Build.0 = Release|Any CPU
		{14CF7C27-64C0-4A66-BD6C-BA4233C40915}.Debug_ARM|Any CPU.ActiveCfg = Debug|Any CPU
		{14CF7C27-64C0-4A66-BD6C-BA4233C40915}.Debug_ARM|Any CPU.Build.0 = Debug|Any CPU
		{14CF7C27-64C0-4A66-BD6C-BA4233C40915}.Debug_ARM|ARM.ActiveCfg = Debug|Any CPU
		{14CF7C27-64C0-4A66-BD6C-BA4233C40915}.Debug_ARM|ARM.Build.0 = Debug|Any CPU
		{14CF7C27-64C0-4A66-BD6C-BA4233C40915}.Debug_ARM|Mixed Platforms.ActiveCfg = Debug|Any CPU
		{14CF7C27-64C0-4A66-BD6C-BA4233C40915}.Debug_ARM|Mixed Platforms.Build.0 = Debug|Any CPU
		{14CF7C27-64C0-4A66-BD6C-BA4233C40915}.Debug_ARM|x64.ActiveCfg = Debug|Any CPU
		{14CF7C27-64C0-4A66-BD6C-BA4233C40915}.Debug_ARM|x64.Build.0 = Debug|Any CPU
		{14CF7C27-64C0-4A66-BD6C-BA4233C40915}.Debug_ARM|x86.ActiveCfg = Debug|Any CPU
		{14CF7C27-64C0-4A66-BD6C-BA4233C40915}.Debug_ARM|x86.Build.0 = Debug|Any CPU
		{14CF7C27-64C0-4A66-BD6C-BA4233C40915}.Debug_LocalService_x86|Any CPU.ActiveCfg = Debug|Any CPU
		{14CF7C27-64C0-4A66-BD6C-BA4233C40915}.Debug_LocalService_x86|Any CPU.Build.0 = Debug|Any CPU
		{14CF7C27-64C0-4A66-BD6C-BA4233C40915}.Debug_LocalService_x86|ARM.ActiveCfg = Debug|Any CPU
		{14CF7C27-64C0-4A66-BD6C-BA4233C40915}.Debug_LocalService_x86|ARM.Build.0 = Debug|Any CPU
		{14CF7C27-64C0-4A66-BD6C-BA4233C40915}.Debug_LocalService_x86|Mixed Platforms.ActiveCfg = Debug|Any CPU
		{14CF7C27-64C0-4A66-BD6C-BA4233C40915}.Debug_LocalService_x86|Mixed Platforms.Build.0 = Debug|Any CPU
		{14CF7C27-64C0-4A66-BD6C-BA4233C40915}.Debug_LocalService_x86|x64.ActiveCfg = Debug|Any CPU
		{14CF7C27-64C0-4A66-BD6C-BA4233C40915}.Debug_LocalService_x86|x64.Build.0 = Debug|Any CPU
		{14CF7C27-64C0-4A66-BD6C-BA4233C40915}.Debug_LocalService_x86|x86.ActiveCfg = Debug|Any CPU
		{14CF7C27-64C0-4A66-BD6C-BA4233C40915}.Debug_LocalService_x86|x86.Build.0 = Debug|Any CPU
		{14CF7C27-64C0-4A66-BD6C-BA4233C40915}.Debug_LocalService|Any CPU.ActiveCfg = Debug|Any CPU
		{14CF7C27-64C0-4A66-BD6C-BA4233C40915}.Debug_LocalService|Any CPU.Build.0 = Debug|Any CPU
		{14CF7C27-64C0-4A66-BD6C-BA4233C40915}.Debug_LocalService|ARM.ActiveCfg = Debug|Any CPU
		{14CF7C27-64C0-4A66-BD6C-BA4233C40915}.Debug_LocalService|ARM.Build.0 = Debug|Any CPU
		{14CF7C27-64C0-4A66-BD6C-BA4233C40915}.Debug_LocalService|Mixed Platforms.ActiveCfg = Debug|Any CPU
		{14CF7C27-64C0-4A66-BD6C-BA4233C40915}.Debug_LocalService|Mixed Platforms.Build.0 = Debug|Any CPU
		{14CF7C27-64C0-4A66-BD6C-BA4233C40915}.Debug_LocalService|x64.ActiveCfg = Debug|Any CPU
		{14CF7C27-64C0-4A66-BD6C-BA4233C40915}.Debug_LocalService|x64.Build.0 = Debug|Any CPU
		{14CF7C27-64C0-4A66-BD6C-BA4233C40915}.Debug_LocalService|x86.ActiveCfg = Debug|Any CPU
		{14CF7C27-64C0-4A66-BD6C-BA4233C40915}.Debug_LocalService|x86.Build.0 = Debug|Any CPU
		{14CF7C27-64C0-4A66-BD6C-BA4233C40915}.Debug_x86|Any CPU.ActiveCfg = Debug|Any CPU
		{14CF7C27-64C0-4A66-BD6C-BA4233C40915}.Debug_x86|Any CPU.Build.0 = Debug|Any CPU
		{14CF7C27-64C0-4A66-BD6C-BA4233C40915}.Debug_x86|ARM.ActiveCfg = Debug|Any CPU
		{14CF7C27-64C0-4A66-BD6C-BA4233C40915}.Debug_x86|ARM.Build.0 = Debug|Any CPU
		{14CF7C27-64C0-4A66-BD6C-BA4233C40915}.Debug_x86|Mixed Platforms.ActiveCfg = Debug|Any CPU
		{14CF7C27-64C0-4A66-BD6C-BA4233C40915}.Debug_x86|Mixed Platforms.Build.0 = Debug|Any CPU
		{14CF7C27-64C0-4A66-BD6C-BA4233C40915}.Debug_x86|x64.ActiveCfg = Debug|Any CPU
		{14CF7C27-64C0-4A66-BD6C-BA4233C40915}.Debug_x86|x64.Build.0 = Debug|Any CPU
		{14CF7C27-64C0-4A66-BD6C-BA4233C40915}.Debug_x86|x86.ActiveCfg = Debug|Any CPU
		{14CF7C27-64C0-4A66-BD6C-BA4233C40915}.Debug_x86|x86.Build.0 = Debug|Any CPU
		{14CF7C27-64C0-4A66-BD6C-BA4233C40915}.Debug|Any CPU.ActiveCfg = Debug|Any CPU
		{14CF7C27-64C0-4A66-BD6C-BA4233C40915}.Debug|Any CPU.Build.0 = Debug|Any CPU
		{14CF7C27-64C0-4A66-BD6C-BA4233C40915}.Debug|ARM.ActiveCfg = Debug|Any CPU
		{14CF7C27-64C0-4A66-BD6C-BA4233C40915}.Debug|ARM.Build.0 = Debug|Any CPU
		{14CF7C27-64C0-4A66-BD6C-BA4233C40915}.Debug|Mixed Platforms.ActiveCfg = Debug|Any CPU
		{14CF7C27-64C0-4A66-BD6C-BA4233C40915}.Debug|Mixed Platforms.Build.0 = Debug|Any CPU
		{14CF7C27-64C0-4A66-BD6C-BA4233C40915}.Debug|x64.ActiveCfg = Debug|Any CPU
		{14CF7C27-64C0-4A66-BD6C-BA4233C40915}.Debug|x64.Build.0 = Debug|Any CPU
		{14CF7C27-64C0-4A66-BD6C-BA4233C40915}.Debug|x86.ActiveCfg = Debug|Any CPU
		{14CF7C27-64C0-4A66-BD6C-BA4233C40915}.Debug|x86.Build.0 = Debug|Any CPU
		{14CF7C27-64C0-4A66-BD6C-BA4233C40915}.Release_ARM|Any CPU.ActiveCfg = Release|Any CPU
		{14CF7C27-64C0-4A66-BD6C-BA4233C40915}.Release_ARM|Any CPU.Build.0 = Release|Any CPU
		{14CF7C27-64C0-4A66-BD6C-BA4233C40915}.Release_ARM|ARM.ActiveCfg = Release|Any CPU
		{14CF7C27-64C0-4A66-BD6C-BA4233C40915}.Release_ARM|ARM.Build.0 = Release|Any CPU
		{14CF7C27-64C0-4A66-BD6C-BA4233C40915}.Release_ARM|Mixed Platforms.ActiveCfg = Release|Any CPU
		{14CF7C27-64C0-4A66-BD6C-BA4233C40915}.Release_ARM|Mixed Platforms.Build.0 = Release|Any CPU
		{14CF7C27-64C0-4A66-BD6C-BA4233C40915}.Release_ARM|x64.ActiveCfg = Release|Any CPU
		{14CF7C27-64C0-4A66-BD6C-BA4233C40915}.Release_ARM|x64.Build.0 = Release|Any CPU
		{14CF7C27-64C0-4A66-BD6C-BA4233C40915}.Release_ARM|x86.ActiveCfg = Release|Any CPU
		{14CF7C27-64C0-4A66-BD6C-BA4233C40915}.Release_ARM|x86.Build.0 = Release|Any CPU
		{14CF7C27-64C0-4A66-BD6C-BA4233C40915}.Release_x86|Any CPU.ActiveCfg = Release|Any CPU
		{14CF7C27-64C0-4A66-BD6C-BA4233C40915}.Release_x86|Any CPU.Build.0 = Release|Any CPU
		{14CF7C27-64C0-4A66-BD6C-BA4233C40915}.Release_x86|ARM.ActiveCfg = Release|Any CPU
		{14CF7C27-64C0-4A66-BD6C-BA4233C40915}.Release_x86|ARM.Build.0 = Release|Any CPU
		{14CF7C27-64C0-4A66-BD6C-BA4233C40915}.Release_x86|Mixed Platforms.ActiveCfg = Release|Any CPU
		{14CF7C27-64C0-4A66-BD6C-BA4233C40915}.Release_x86|Mixed Platforms.Build.0 = Release|Any CPU
		{14CF7C27-64C0-4A66-BD6C-BA4233C40915}.Release_x86|x64.ActiveCfg = Release|Any CPU
		{14CF7C27-64C0-4A66-BD6C-BA4233C40915}.Release_x86|x64.Build.0 = Release|Any CPU
		{14CF7C27-64C0-4A66-BD6C-BA4233C40915}.Release_x86|x86.ActiveCfg = Release|Any CPU
		{14CF7C27-64C0-4A66-BD6C-BA4233C40915}.Release_x86|x86.Build.0 = Release|Any CPU
		{14CF7C27-64C0-4A66-BD6C-BA4233C40915}.Release|Any CPU.ActiveCfg = Release|Any CPU
		{14CF7C27-64C0-4A66-BD6C-BA4233C40915}.Release|Any CPU.Build.0 = Release|Any CPU
		{14CF7C27-64C0-4A66-BD6C-BA4233C40915}.Release|ARM.ActiveCfg = Release|Any CPU
		{14CF7C27-64C0-4A66-BD6C-BA4233C40915}.Release|ARM.Build.0 = Release|Any CPU
		{14CF7C27-64C0-4A66-BD6C-BA4233C40915}.Release|Mixed Platforms.ActiveCfg = Release|Any CPU
		{14CF7C27-64C0-4A66-BD6C-BA4233C40915}.Release|Mixed Platforms.Build.0 = Release|Any CPU
		{14CF7C27-64C0-4A66-BD6C-BA4233C40915}.Release|x64.ActiveCfg = Release|Any CPU
		{14CF7C27-64C0-4A66-BD6C-BA4233C40915}.Release|x64.Build.0 = Release|Any CPU
		{14CF7C27-64C0-4A66-BD6C-BA4233C40915}.Release|x86.ActiveCfg = Release|Any CPU
		{14CF7C27-64C0-4A66-BD6C-BA4233C40915}.Release|x86.Build.0 = Release|Any CPU
		{44C49EFF-B091-44F8-B8D1-ED810CDBF14E}.Debug_ARM|Any CPU.ActiveCfg = Debug|Any CPU
		{44C49EFF-B091-44F8-B8D1-ED810CDBF14E}.Debug_ARM|Any CPU.Build.0 = Debug|Any CPU
		{44C49EFF-B091-44F8-B8D1-ED810CDBF14E}.Debug_ARM|ARM.ActiveCfg = Debug|Any CPU
		{44C49EFF-B091-44F8-B8D1-ED810CDBF14E}.Debug_ARM|ARM.Build.0 = Debug|Any CPU
		{44C49EFF-B091-44F8-B8D1-ED810CDBF14E}.Debug_ARM|Mixed Platforms.ActiveCfg = Debug|Any CPU
		{44C49EFF-B091-44F8-B8D1-ED810CDBF14E}.Debug_ARM|Mixed Platforms.Build.0 = Debug|Any CPU
		{44C49EFF-B091-44F8-B8D1-ED810CDBF14E}.Debug_ARM|x64.ActiveCfg = Debug|Any CPU
		{44C49EFF-B091-44F8-B8D1-ED810CDBF14E}.Debug_ARM|x64.Build.0 = Debug|Any CPU
		{44C49EFF-B091-44F8-B8D1-ED810CDBF14E}.Debug_ARM|x86.ActiveCfg = Debug|Any CPU
		{44C49EFF-B091-44F8-B8D1-ED810CDBF14E}.Debug_ARM|x86.Build.0 = Debug|Any CPU
		{44C49EFF-B091-44F8-B8D1-ED810CDBF14E}.Debug_LocalService_x86|Any CPU.ActiveCfg = Debug|Any CPU
		{44C49EFF-B091-44F8-B8D1-ED810CDBF14E}.Debug_LocalService_x86|Any CPU.Build.0 = Debug|Any CPU
		{44C49EFF-B091-44F8-B8D1-ED810CDBF14E}.Debug_LocalService_x86|ARM.ActiveCfg = Debug|Any CPU
		{44C49EFF-B091-44F8-B8D1-ED810CDBF14E}.Debug_LocalService_x86|ARM.Build.0 = Debug|Any CPU
		{44C49EFF-B091-44F8-B8D1-ED810CDBF14E}.Debug_LocalService_x86|Mixed Platforms.ActiveCfg = Debug|Any CPU
		{44C49EFF-B091-44F8-B8D1-ED810CDBF14E}.Debug_LocalService_x86|Mixed Platforms.Build.0 = Debug|Any CPU
		{44C49EFF-B091-44F8-B8D1-ED810CDBF14E}.Debug_LocalService_x86|x64.ActiveCfg = Debug|Any CPU
		{44C49EFF-B091-44F8-B8D1-ED810CDBF14E}.Debug_LocalService_x86|x64.Build.0 = Debug|Any CPU
		{44C49EFF-B091-44F8-B8D1-ED810CDBF14E}.Debug_LocalService_x86|x86.ActiveCfg = Debug|Any CPU
		{44C49EFF-B091-44F8-B8D1-ED810CDBF14E}.Debug_LocalService_x86|x86.Build.0 = Debug|Any CPU
		{44C49EFF-B091-44F8-B8D1-ED810CDBF14E}.Debug_LocalService|Any CPU.ActiveCfg = Debug|Any CPU
		{44C49EFF-B091-44F8-B8D1-ED810CDBF14E}.Debug_LocalService|Any CPU.Build.0 = Debug|Any CPU
		{44C49EFF-B091-44F8-B8D1-ED810CDBF14E}.Debug_LocalService|ARM.ActiveCfg = Debug|Any CPU
		{44C49EFF-B091-44F8-B8D1-ED810CDBF14E}.Debug_LocalService|ARM.Build.0 = Debug|Any CPU
		{44C49EFF-B091-44F8-B8D1-ED810CDBF14E}.Debug_LocalService|Mixed Platforms.ActiveCfg = Debug|Any CPU
		{44C49EFF-B091-44F8-B8D1-ED810CDBF14E}.Debug_LocalService|Mixed Platforms.Build.0 = Debug|Any CPU
		{44C49EFF-B091-44F8-B8D1-ED810CDBF14E}.Debug_LocalService|x64.ActiveCfg = Debug|Any CPU
		{44C49EFF-B091-44F8-B8D1-ED810CDBF14E}.Debug_LocalService|x64.Build.0 = Debug|Any CPU
		{44C49EFF-B091-44F8-B8D1-ED810CDBF14E}.Debug_LocalService|x86.ActiveCfg = Debug|Any CPU
		{44C49EFF-B091-44F8-B8D1-ED810CDBF14E}.Debug_LocalService|x86.Build.0 = Debug|Any CPU
		{44C49EFF-B091-44F8-B8D1-ED810CDBF14E}.Debug_x86|Any CPU.ActiveCfg = Debug|Any CPU
		{44C49EFF-B091-44F8-B8D1-ED810CDBF14E}.Debug_x86|Any CPU.Build.0 = Debug|Any CPU
		{44C49EFF-B091-44F8-B8D1-ED810CDBF14E}.Debug_x86|ARM.ActiveCfg = Debug|Any CPU
		{44C49EFF-B091-44F8-B8D1-ED810CDBF14E}.Debug_x86|ARM.Build.0 = Debug|Any CPU
		{44C49EFF-B091-44F8-B8D1-ED810CDBF14E}.Debug_x86|Mixed Platforms.ActiveCfg = Debug|Any CPU
		{44C49EFF-B091-44F8-B8D1-ED810CDBF14E}.Debug_x86|Mixed Platforms.Build.0 = Debug|Any CPU
		{44C49EFF-B091-44F8-B8D1-ED810CDBF14E}.Debug_x86|x64.ActiveCfg = Debug|Any CPU
		{44C49EFF-B091-44F8-B8D1-ED810CDBF14E}.Debug_x86|x64.Build.0 = Debug|Any CPU
		{44C49EFF-B091-44F8-B8D1-ED810CDBF14E}.Debug_x86|x86.ActiveCfg = Debug|Any CPU
		{44C49EFF-B091-44F8-B8D1-ED810CDBF14E}.Debug_x86|x86.Build.0 = Debug|Any CPU
		{44C49EFF-B091-44F8-B8D1-ED810CDBF14E}.Debug|Any CPU.ActiveCfg = Debug|Any CPU
		{44C49EFF-B091-44F8-B8D1-ED810CDBF14E}.Debug|Any CPU.Build.0 = Debug|Any CPU
		{44C49EFF-B091-44F8-B8D1-ED810CDBF14E}.Debug|ARM.ActiveCfg = Debug|Any CPU
		{44C49EFF-B091-44F8-B8D1-ED810CDBF14E}.Debug|ARM.Build.0 = Debug|Any CPU
		{44C49EFF-B091-44F8-B8D1-ED810CDBF14E}.Debug|Mixed Platforms.ActiveCfg = Debug|Any CPU
		{44C49EFF-B091-44F8-B8D1-ED810CDBF14E}.Debug|Mixed Platforms.Build.0 = Debug|Any CPU
		{44C49EFF-B091-44F8-B8D1-ED810CDBF14E}.Debug|x64.ActiveCfg = Debug|Any CPU
		{44C49EFF-B091-44F8-B8D1-ED810CDBF14E}.Debug|x64.Build.0 = Debug|Any CPU
		{44C49EFF-B091-44F8-B8D1-ED810CDBF14E}.Debug|x86.ActiveCfg = Debug|Any CPU
		{44C49EFF-B091-44F8-B8D1-ED810CDBF14E}.Debug|x86.Build.0 = Debug|Any CPU
		{44C49EFF-B091-44F8-B8D1-ED810CDBF14E}.Release_ARM|Any CPU.ActiveCfg = Release|Any CPU
		{44C49EFF-B091-44F8-B8D1-ED810CDBF14E}.Release_ARM|Any CPU.Build.0 = Release|Any CPU
		{44C49EFF-B091-44F8-B8D1-ED810CDBF14E}.Release_ARM|ARM.ActiveCfg = Release|Any CPU
		{44C49EFF-B091-44F8-B8D1-ED810CDBF14E}.Release_ARM|ARM.Build.0 = Release|Any CPU
		{44C49EFF-B091-44F8-B8D1-ED810CDBF14E}.Release_ARM|Mixed Platforms.ActiveCfg = Release|Any CPU
		{44C49EFF-B091-44F8-B8D1-ED810CDBF14E}.Release_ARM|Mixed Platforms.Build.0 = Release|Any CPU
		{44C49EFF-B091-44F8-B8D1-ED810CDBF14E}.Release_ARM|x64.ActiveCfg = Release|Any CPU
		{44C49EFF-B091-44F8-B8D1-ED810CDBF14E}.Release_ARM|x64.Build.0 = Release|Any CPU
		{44C49EFF-B091-44F8-B8D1-ED810CDBF14E}.Release_ARM|x86.ActiveCfg = Release|Any CPU
		{44C49EFF-B091-44F8-B8D1-ED810CDBF14E}.Release_ARM|x86.Build.0 = Release|Any CPU
		{44C49EFF-B091-44F8-B8D1-ED810CDBF14E}.Release_x86|Any CPU.ActiveCfg = Release|Any CPU
		{44C49EFF-B091-44F8-B8D1-ED810CDBF14E}.Release_x86|Any CPU.Build.0 = Release|Any CPU
		{44C49EFF-B091-44F8-B8D1-ED810CDBF14E}.Release_x86|ARM.ActiveCfg = Release|Any CPU
		{44C49EFF-B091-44F8-B8D1-ED810CDBF14E}.Release_x86|ARM.Build.0 = Release|Any CPU
		{44C49EFF-B091-44F8-B8D1-ED810CDBF14E}.Release_x86|Mixed Platforms.ActiveCfg = Release|Any CPU
		{44C49EFF-B091-44F8-B8D1-ED810CDBF14E}.Release_x86|Mixed Platforms.Build.0 = Release|Any CPU
		{44C49EFF-B091-44F8-B8D1-ED810CDBF14E}.Release_x86|x64.ActiveCfg = Release|Any CPU
		{44C49EFF-B091-44F8-B8D1-ED810CDBF14E}.Release_x86|x64.Build.0 = Release|Any CPU
		{44C49EFF-B091-44F8-B8D1-ED810CDBF14E}.Release_x86|x86.ActiveCfg = Release|Any CPU
		{44C49EFF-B091-44F8-B8D1-ED810CDBF14E}.Release_x86|x86.Build.0 = Release|Any CPU
		{44C49EFF-B091-44F8-B8D1-ED810CDBF14E}.Release|Any CPU.ActiveCfg = Release|Any CPU
		{44C49EFF-B091-44F8-B8D1-ED810CDBF14E}.Release|Any CPU.Build.0 = Release|Any CPU
		{44C49EFF-B091-44F8-B8D1-ED810CDBF14E}.Release|ARM.ActiveCfg = Release|Any CPU
		{44C49EFF-B091-44F8-B8D1-ED810CDBF14E}.Release|ARM.Build.0 = Release|Any CPU
		{44C49EFF-B091-44F8-B8D1-ED810CDBF14E}.Release|Mixed Platforms.ActiveCfg = Release|Any CPU
		{44C49EFF-B091-44F8-B8D1-ED810CDBF14E}.Release|Mixed Platforms.Build.0 = Release|Any CPU
		{44C49EFF-B091-44F8-B8D1-ED810CDBF14E}.Release|x64.ActiveCfg = Release|Any CPU
		{44C49EFF-B091-44F8-B8D1-ED810CDBF14E}.Release|x64.Build.0 = Release|Any CPU
		{44C49EFF-B091-44F8-B8D1-ED810CDBF14E}.Release|x86.ActiveCfg = Release|Any CPU
		{44C49EFF-B091-44F8-B8D1-ED810CDBF14E}.Release|x86.Build.0 = Release|Any CPU
	EndGlobalSection
	GlobalSection(SolutionProperties) = preSolution
		HideSolutionNode = FALSE
	EndGlobalSection
EndGlobal
